
Microsoft Visual Studio Solution File, Format Version 12.00
# Visual Studio Version 16
VisualStudioVersion = 16.0.30517.126
MinimumVisualStudioVersion = 10.0.40219.1
Project("{FAE04EC0-301F-11D3-BF4B-00C04F79EFBC}") = "XamarinForms_Dropbox_Samples.UWP", "XamarinForms_Dropbox_Samples\XamarinForms_Dropbox_Samples.UWP\XamarinForms_Dropbox_Samples.UWP.csproj", "{1F73F1D8-63F1-4BE7-BDA8-F96821EDB14F}"
EndProject
Project("{FAE04EC0-301F-11D3-BF4B-00C04F79EFBC}") = "XamarinForms_Dropbox_Samples.Android", "XamarinForms_Dropbox_Samples\XamarinForms_Dropbox_Samples.Android\XamarinForms_Dropbox_Samples.Android.csproj", "{5AFE8280-43E1-43D1-8D7D-22F7146E5A1B}"
EndProject
Project("{FAE04EC0-301F-11D3-BF4B-00C04F79EFBC}") = "XamarinForms_Dropbox_Samples.iOS", "XamarinForms_Dropbox_Samples\XamarinForms_Dropbox_Samples.iOS\XamarinForms_Dropbox_Samples.iOS.csproj", "{C6071D2C-B859-48F6-AF1F-73E2D185507D}"
EndProject
Project("{FAE04EC0-301F-11D3-BF4B-00C04F79EFBC}") = "XamarinForms_Dropbox_Samples", "XamarinForms_Dropbox_Samples\XamarinForms_Dropbox_Samples\XamarinForms_Dropbox_Samples.csproj", "{17457BE2-24C4-4A81-BD23-E476809661E9}"
EndProject
Global
	GlobalSection(SolutionConfigurationPlatforms) = preSolution
		Debug|Any CPU = Debug|Any CPU
		Debug|ARM = Debug|ARM
		Debug|iPhone = Debug|iPhone
		Debug|iPhoneSimulator = Debug|iPhoneSimulator
		Debug|x64 = Debug|x64
		Debug|x86 = Debug|x86
		Release|Any CPU = Release|Any CPU
		Release|ARM = Release|ARM
		Release|iPhone = Release|iPhone
		Release|iPhoneSimulator = Release|iPhoneSimulator
		Release|x64 = Release|x64
		Release|x86 = Release|x86
	EndGlobalSection
	GlobalSection(ProjectConfigurationPlatforms) = postSolution
		{1F73F1D8-63F1-4BE7-BDA8-F96821EDB14F}.Debug|Any CPU.ActiveCfg = Debug|x86
		{1F73F1D8-63F1-4BE7-BDA8-F96821EDB14F}.Debug|Any CPU.Build.0 = Debug|x86
		{1F73F1D8-63F1-4BE7-BDA8-F96821EDB14F}.Debug|Any CPU.Deploy.0 = Debug|x86
		{1F73F1D8-63F1-4BE7-BDA8-F96821EDB14F}.Debug|ARM.ActiveCfg = Debug|ARM
		{1F73F1D8-63F1-4BE7-BDA8-F96821EDB14F}.Debug|ARM.Build.0 = Debug|ARM
		{1F73F1D8-63F1-4BE7-BDA8-F96821EDB14F}.Debug|ARM.Deploy.0 = Debug|ARM
		{1F73F1D8-63F1-4BE7-BDA8-F96821EDB14F}.Debug|iPhone.ActiveCfg = Debug|x86
		{1F73F1D8-63F1-4BE7-BDA8-F96821EDB14F}.Debug|iPhone.Build.0 = Debug|x86
		{1F73F1D8-63F1-4BE7-BDA8-F96821EDB14F}.Debug|iPhone.Deploy.0 = Debug|x86
		{1F73F1D8-63F1-4BE7-BDA8-F96821EDB14F}.Debug|iPhoneSimulator.ActiveCfg = Debug|x86
		{1F73F1D8-63F1-4BE7-BDA8-F96821EDB14F}.Debug|iPhoneSimulator.Build.0 = Debug|x86
		{1F73F1D8-63F1-4BE7-BDA8-F96821EDB14F}.Debug|iPhoneSimulator.Deploy.0 = Debug|x86
		{1F73F1D8-63F1-4BE7-BDA8-F96821EDB14F}.Debug|x64.ActiveCfg = Debug|x64
		{1F73F1D8-63F1-4BE7-BDA8-F96821EDB14F}.Debug|x64.Build.0 = Debug|x64
		{1F73F1D8-63F1-4BE7-BDA8-F96821EDB14F}.Debug|x64.Deploy.0 = Debug|x64
		{1F73F1D8-63F1-4BE7-BDA8-F96821EDB14F}.Debug|x86.ActiveCfg = Debug|x86
		{1F73F1D8-63F1-4BE7-BDA8-F96821EDB14F}.Debug|x86.Build.0 = Debug|x86
		{1F73F1D8-63F1-4BE7-BDA8-F96821EDB14F}.Debug|x86.Deploy.0 = Debug|x86
		{1F73F1D8-63F1-4BE7-BDA8-F96821EDB14F}.Release|Any CPU.ActiveCfg = Release|x86
		{1F73F1D8-63F1-4BE7-BDA8-F96821EDB14F}.Release|Any CPU.Build.0 = Release|x86
		{1F73F1D8-63F1-4BE7-BDA8-F96821EDB14F}.Release|Any CPU.Deploy.0 = Release|x86
		{1F73F1D8-63F1-4BE7-BDA8-F96821EDB14F}.Release|ARM.ActiveCfg = Release|ARM
		{1F73F1D8-63F1-4BE7-BDA8-F96821EDB14F}.Release|ARM.Build.0 = Release|ARM
		{1F73F1D8-63F1-4BE7-BDA8-F96821EDB14F}.Release|ARM.Deploy.0 = Release|ARM
		{1F73F1D8-63F1-4BE7-BDA8-F96821EDB14F}.Release|iPhone.ActiveCfg = Release|x86
		{1F73F1D8-63F1-4BE7-BDA8-F96821EDB14F}.Release|iPhone.Build.0 = Release|x86
		{1F73F1D8-63F1-4BE7-BDA8-F96821EDB14F}.Release|iPhone.Deploy.0 = Release|x86
		{1F73F1D8-63F1-4BE7-BDA8-F96821EDB14F}.Release|iPhoneSimulator.ActiveCfg = Release|x86
		{1F73F1D8-63F1-4BE7-BDA8-F96821EDB14F}.Release|iPhoneSimulator.Build.0 = Release|x86
		{1F73F1D8-63F1-4BE7-BDA8-F96821EDB14F}.Release|iPhoneSimulator.Deploy.0 = Release|x86
		{1F73F1D8-63F1-4BE7-BDA8-F96821EDB14F}.Release|x64.ActiveCfg = Release|x64
		{1F73F1D8-63F1-4BE7-BDA8-F96821EDB14F}.Release|x64.Build.0 = Release|x64
		{1F73F1D8-63F1-4BE7-BDA8-F96821EDB14F}.Release|x64.Deploy.0 = Release|x64
		{1F73F1D8-63F1-4BE7-BDA8-F96821EDB14F}.Release|x86.ActiveCfg = Release|x86
		{1F73F1D8-63F1-4BE7-BDA8-F96821EDB14F}.Release|x86.Build.0 = Release|x86
		{1F73F1D8-63F1-4BE7-BDA8-F96821EDB14F}.Release|x86.Deploy.0 = Release|x86
		{5AFE8280-43E1-43D1-8D7D-22F7146E5A1B}.Debug|Any CPU.ActiveCfg = Debug|Any CPU
		{5AFE8280-43E1-43D1-8D7D-22F7146E5A1B}.Debug|Any CPU.Build.0 = Debug|Any CPU
		{5AFE8280-43E1-43D1-8D7D-22F7146E5A1B}.Debug|Any CPU.Deploy.0 = Debug|Any CPU
		{5AFE8280-43E1-43D1-8D7D-22F7146E5A1B}.Debug|ARM.ActiveCfg = Debug|Any CPU
		{5AFE8280-43E1-43D1-8D7D-22F7146E5A1B}.Debug|ARM.Build.0 = Debug|Any CPU
		{5AFE8280-43E1-43D1-8D7D-22F7146E5A1B}.Debug|ARM.Deploy.0 = Debug|Any CPU
		{5AFE8280-43E1-43D1-8D7D-22F7146E5A1B}.Debug|iPhone.ActiveCfg = Debug|Any CPU
		{5AFE8280-43E1-43D1-8D7D-22F7146E5A1B}.Debug|iPhone.Build.0 = Debug|Any CPU
		{5AFE8280-43E1-43D1-8D7D-22F7146E5A1B}.Debug|iPhone.Deploy.0 = Debug|Any CPU
		{5AFE8280-43E1-43D1-8D7D-22F7146E5A1B}.Debug|iPhoneSimulator.ActiveCfg = Debug|Any CPU
		{5AFE8280-43E1-43D1-8D7D-22F7146E5A1B}.Debug|iPhoneSimulator.Build.0 = Debug|Any CPU
		{5AFE8280-43E1-43D1-8D7D-22F7146E5A1B}.Debug|iPhoneSimulator.Deploy.0 = Debug|Any CPU
		{5AFE8280-43E1-43D1-8D7D-22F7146E5A1B}.Debug|x64.ActiveCfg = Debug|Any CPU
		{5AFE8280-43E1-43D1-8D7D-22F7146E5A1B}.Debug|x64.Build.0 = Debug|Any CPU
		{5AFE8280-43E1-43D1-8D7D-22F7146E5A1B}.Debug|x64.Deploy.0 = Debug|Any CPU
		{5AFE8280-43E1-43D1-8D7D-22F7146E5A1B}.Debug|x86.ActiveCfg = Debug|Any CPU
		{5AFE8280-43E1-43D1-8D7D-22F7146E5A1B}.Debug|x86.Build.0 = Debug|Any CPU
		{5AFE8280-43E1-43D1-8D7D-22F7146E5A1B}.Debug|x86.Deploy.0 = Debug|Any CPU
		{5AFE8280-43E1-43D1-8D7D-22F7146E5A1B}.Release|Any CPU.ActiveCfg = Release|Any CPU
		{5AFE8280-43E1-43D1-8D7D-22F7146E5A1B}.Release|Any CPU.Build.0 = Release|Any CPU
		{5AFE8280-43E1-43D1-8D7D-22F7146E5A1B}.Release|Any CPU.Deploy.0 = Release|Any CPU
		{5AFE8280-43E1-43D1-8D7D-22F7146E5A1B}.Release|ARM.ActiveCfg = Release|Any CPU
		{5AFE8280-43E1-43D1-8D7D-22F7146E5A1B}.Release|ARM.Build.0 = Release|Any CPU
		{5AFE8280-43E1-43D1-8D7D-22F7146E5A1B}.Release|ARM.Deploy.0 = Release|Any CPU
		{5AFE8280-43E1-43D1-8D7D-22F7146E5A1B}.Release|iPhone.ActiveCfg = Release|Any CPU
		{5AFE8280-43E1-43D1-8D7D-22F7146E5A1B}.Release|iPhone.Build.0 = Release|Any CPU
		{5AFE8280-43E1-43D1-8D7D-22F7146E5A1B}.Release|iPhone.Deploy.0 = Release|Any CPU
		{5AFE8280-43E1-43D1-8D7D-22F7146E5A1B}.Release|iPhoneSimulator.ActiveCfg = Release|Any CPU
		{5AFE8280-43E1-43D1-8D7D-22F7146E5A1B}.Release|iPhoneSimulator.Build.0 = Release|Any CPU
		{5AFE8280-43E1-43D1-8D7D-22F7146E5A1B}.Release|iPhoneSimulator.Deploy.0 = Release|Any CPU
		{5AFE8280-43E1-43D1-8D7D-22F7146E5A1B}.Release|x64.ActiveCfg = Release|Any CPU
		{5AFE8280-43E1-43D1-8D7D-22F7146E5A1B}.Release|x64.Build.0 = Release|Any CPU
		{5AFE8280-43E1-43D1-8D7D-22F7146E5A1B}.Release|x64.Deploy.0 = Release|Any CPU
		{5AFE8280-43E1-43D1-8D7D-22F7146E5A1B}.Release|x86.ActiveCfg = Release|Any CPU
		{5AFE8280-43E1-43D1-8D7D-22F7146E5A1B}.Release|x86.Build.0 = Release|Any CPU
		{5AFE8280-43E1-43D1-8D7D-22F7146E5A1B}.Release|x86.Deploy.0 = Release|Any CPU
		{C6071D2C-B859-48F6-AF1F-73E2D185507D}.Debug|Any CPU.ActiveCfg = Debug|iPhoneSimulator
		{C6071D2C-B859-48F6-AF1F-73E2D185507D}.Debug|Any CPU.Build.0 = Debug|iPhoneSimulator
		{C6071D2C-B859-48F6-AF1F-73E2D185507D}.Debug|Any CPU.Deploy.0 = Debug|iPhoneSimulator
		{C6071D2C-B859-48F6-AF1F-73E2D185507D}.Debug|ARM.ActiveCfg = Debug|iPhone
		{C6071D2C-B859-48F6-AF1F-73E2D185507D}.Debug|ARM.Build.0 = Debug|iPhone
		{C6071D2C-B859-48F6-AF1F-73E2D185507D}.Debug|ARM.Deploy.0 = Debug|iPhone
		{C6071D2C-B859-48F6-AF1F-73E2D185507D}.Debug|iPhone.ActiveCfg = Debug|iPhone
		{C6071D2C-B859-48F6-AF1F-73E2D185507D}.Debug|iPhone.Build.0 = Debug|iPhone
		{C6071D2C-B859-48F6-AF1F-73E2D185507D}.Debug|iPhone.Deploy.0 = Debug|iPhone
		{C6071D2C-B859-48F6-AF1F-73E2D185507D}.Debug|iPhoneSimulator.ActiveCfg = Debug|iPhoneSimulator
		{C6071D2C-B859-48F6-AF1F-73E2D185507D}.Debug|iPhoneSimulator.Build.0 = Debug|iPhoneSimulator
		{C6071D2C-B859-48F6-AF1F-73E2D185507D}.Debug|iPhoneSimulator.Deploy.0 = Debug|iPhoneSimulator
		{C6071D2C-B859-48F6-AF1F-73E2D185507D}.Debug|x64.ActiveCfg = Debug|iPhoneSimulator
		{C6071D2C-B859-48F6-AF1F-73E2D185507D}.Debug|x64.Build.0 = Debug|iPhoneSimulator
		{C6071D2C-B859-48F6-AF1F-73E2D185507D}.Debug|x64.Deploy.0 = Debug|iPhoneSimulator
		{C6071D2C-B859-48F6-AF1F-73E2D185507D}.Debug|x86.ActiveCfg = Debug|iPhoneSimulator
		{C6071D2C-B859-48F6-AF1F-73E2D185507D}.Debug|x86.Build.0 = Debug|iPhoneSimulator
		{C6071D2C-B859-48F6-AF1F-73E2D185507D}.Debug|x86.Deploy.0 = Debug|iPhoneSimulator
		{C6071D2C-B859-48F6-AF1F-73E2D185507D}.Release|Any CPU.ActiveCfg = Release|iPhoneSimulator
		{C6071D2C-B859-48F6-AF1F-73E2D185507D}.Release|Any CPU.Build.0 = Release|iPhoneSimulator
		{C6071D2C-B859-48F6-AF1F-73E2D185507D}.Release|Any CPU.Deploy.0 = Release|iPhoneSimulator
		{C6071D2C-B859-48F6-AF1F-73E2D185507D}.Release|ARM.ActiveCfg = Release|iPhoneSimulator
		{C6071D2C-B859-48F6-AF1F-73E2D185507D}.Release|ARM.Build.0 = Release|iPhoneSimulator
		{C6071D2C-B859-48F6-AF1F-73E2D185507D}.Release|ARM.Deploy.0 = Release|iPhoneSimulator
		{C6071D2C-B859-48F6-AF1F-73E2D185507D}.Release|iPhone.ActiveCfg = Release|iPhone
		{C6071D2C-B859-48F6-AF1F-73E2D185507D}.Release|iPhone.Build.0 = Release|iPhone
		{C6071D2C-B859-48F6-AF1F-73E2D185507D}.Release|iPhone.Deploy.0 = Release|iPhone
		{C6071D2C-B859-48F6-AF1F-73E2D185507D}.Release|iPhoneSimulator.ActiveCfg = Release|iPhoneSimulator
		{C6071D2C-B859-48F6-AF1F-73E2D185507D}.Release|iPhoneSimulator.Build.0 = Release|iPhoneSimulator
		{C6071D2C-B859-48F6-AF1F-73E2D185507D}.Release|iPhoneSimulator.Deploy.0 = Release|iPhoneSimulator
		{C6071D2C-B859-48F6-AF1F-73E2D185507D}.Release|x64.ActiveCfg = Release|iPhoneSimulator
		{C6071D2C-B859-48F6-AF1F-73E2D185507D}.Release|x64.Build.0 = Release|iPhoneSimulator
		{C6071D2C-B859-48F6-AF1F-73E2D185507D}.Release|x64.Deploy.0 = Release|iPhoneSimulator
		{C6071D2C-B859-48F6-AF1F-73E2D185507D}.Release|x86.ActiveCfg = Release|iPhoneSimulator
		{C6071D2C-B859-48F6-AF1F-73E2D185507D}.Release|x86.Build.0 = Release|iPhoneSimulator
		{C6071D2C-B859-48F6-AF1F-73E2D185507D}.Release|x86.Deploy.0 = Release|iPhoneSimulator
		{17457BE2-24C4-4A81-BD23-E476809661E9}.Debug|Any CPU.ActiveCfg = Debug|Any CPU
		{17457BE2-24C4-4A81-BD23-E476809661E9}.Debug|Any CPU.Build.0 = Debug|Any CPU
		{17457BE2-24C4-4A81-BD23-E476809661E9}.Debug|Any CPU.Deploy.0 = Debug|Any CPU
		{17457BE2-24C4-4A81-BD23-E476809661E9}.Debug|ARM.ActiveCfg = Debug|Any CPU
		{17457BE2-24C4-4A81-BD23-E476809661E9}.Debug|ARM.Build.0 = Debug|Any CPU
		{17457BE2-24C4-4A81-BD23-E476809661E9}.Debug|ARM.Deploy.0 = Debug|Any CPU
		{17457BE2-24C4-4A81-BD23-E476809661E9}.Debug|iPhone.ActiveCfg = Debug|Any CPU
		{17457BE2-24C4-4A81-BD23-E476809661E9}.Debug|iPhone.Build.0 = Debug|Any CPU
		{17457BE2-24C4-4A81-BD23-E476809661E9}.Debug|iPhone.Deploy.0 = Debug|Any CPU
		{17457BE2-24C4-4A81-BD23-E476809661E9}.Debug|iPhoneSimulator.ActiveCfg = Debug|Any CPU
		{17457BE2-24C4-4A81-BD23-E476809661E9}.Debug|iPhoneSimulator.Build.0 = Debug|Any CPU
		{17457BE2-24C4-4A81-BD23-E476809661E9}.Debug|iPhoneSimulator.Deploy.0 = Debug|Any CPU
		{17457BE2-24C4-4A81-BD23-E476809661E9}.Debug|x64.ActiveCfg = Debug|Any CPU
		{17457BE2-24C4-4A81-BD23-E476809661E9}.Debug|x64.Build.0 = Debug|Any CPU
		{17457BE2-24C4-4A81-BD23-E476809661E9}.Debug|x64.Deploy.0 = Debug|Any CPU
		{17457BE2-24C4-4A81-BD23-E476809661E9}.Debug|x86.ActiveCfg = Debug|Any CPU
		{17457BE2-24C4-4A81-BD23-E476809661E9}.Debug|x86.Build.0 = Debug|Any CPU
		{17457BE2-24C4-4A81-BD23-E476809661E9}.Debug|x86.Deploy.0 = Debug|Any CPU
		{17457BE2-24C4-4A81-BD23-E476809661E9}.Release|Any CPU.ActiveCfg = Release|Any CPU
		{17457BE2-24C4-4A81-BD23-E476809661E9}.Release|Any CPU.Build.0 = Release|Any CPU
		{17457BE2-24C4-4A81-BD23-E476809661E9}.Release|Any CPU.Deploy.0 = Release|Any CPU
		{17457BE2-24C4-4A81-BD23-E476809661E9}.Release|ARM.ActiveCfg = Release|Any CPU
		{17457BE2-24C4-4A81-BD23-E476809661E9}.Release|ARM.Build.0 = Release|Any CPU
		{17457BE2-24C4-4A81-BD23-E476809661E9}.Release|ARM.Deploy.0 = Release|Any CPU
		{17457BE2-24C4-4A81-BD23-E476809661E9}.Release|iPhone.ActiveCfg = Release|Any CPU
		{17457BE2-24C4-4A81-BD23-E476809661E9}.Release|iPhone.Build.0 = Release|Any CPU
		{17457BE2-24C4-4A81-BD23-E476809661E9}.Release|iPhone.Deploy.0 = Release|Any CPU
		{17457BE2-24C4-4A81-BD23-E476809661E9}.Release|iPhoneSimulator.ActiveCfg = Release|Any CPU
		{17457BE2-24C4-4A81-BD23-E476809661E9}.Release|iPhoneSimulator.Build.0 = Release|Any CPU
		{17457BE2-24C4-4A81-BD23-E476809661E9}.Release|iPhoneSimulator.Deploy.0 = Release|Any CPU
		{17457BE2-24C4-4A81-BD23-E476809661E9}.Release|x64.ActiveCfg = Release|Any CPU
		{17457BE2-24C4-4A81-BD23-E476809661E9}.Release|x64.Build.0 = Release|Any CPU
		{17457BE2-24C4-4A81-BD23-E476809661E9}.Release|x64.Deploy.0 = Release|Any CPU
		{17457BE2-24C4-4A81-BD23-E476809661E9}.Release|x86.ActiveCfg = Release|Any CPU
		{17457BE2-24C4-4A81-BD23-E476809661E9}.Release|x86.Build.0 = Release|Any CPU
		{17457BE2-24C4-4A81-BD23-E476809661E9}.Release|x86.Deploy.0 = Release|Any CPU
	EndGlobalSection
	GlobalSection(SolutionProperties) = preSolution
		HideSolutionNode = FALSE
	EndGlobalSection
	GlobalSection(ExtensibilityGlobals) = postSolution
		SolutionGuid = {F0D11E1E-EDF6-43E5-8561-C338096C2CA8}
	EndGlobalSection
EndGlobal
