
Microsoft Visual Studio Solution File, Format Version 12.00
# Visual Studio Version 16
VisualStudioVersion = 16.0.29409.12
MinimumVisualStudioVersion = 10.0.40219.1
Project("{2150E333-8FDC-42A3-9474-1A3956D46DE8}") = "Default_Forms", "Default_Forms", "{E9685256-7B28-45C5-AB0E-72C2EC658FA0}"
EndProject
Project("{2150E333-8FDC-42A3-9474-1A3956D46DE8}") = "Default_Android", "Default_Android", "{A77F8743-7E86-4E77-AC55-39C5A9AC8E44}"
EndProject
Project("{2150E333-8FDC-42A3-9474-1A3956D46DE8}") = "Default_iOs", "Default_iOs", "{E7EF9591-3E34-43F4-BB2C-C5CE7E60B20F}"
EndProject
Project("{2150E333-8FDC-42A3-9474-1A3956D46DE8}") = "Default_Uwp", "Default_Uwp", "{DEDBF203-FCC6-40A7-A708-2A2E06C6E0DA}"
EndProject
Project("{9A19103F-16F7-4668-BE54-9A1E7A4F7556}") = "App_DevResources", "src\App_DevResources\App_DevResources.csproj", "{F01B5B2C-E13B-4AB5-A758-982F0AC3E349}"
EndProject
Project("{FAE04EC0-301F-11D3-BF4B-00C04F79EFBC}") = "Default_MasterDetail.UWP", "src\Forms\Default_MasterDetail\Default_MasterDetail.UWP\Default_MasterDetail.UWP.csproj", "{B7E2A305-7F5A-439F-98EF-D8790F2DF70F}"
EndProject
Project("{FAE04EC0-301F-11D3-BF4B-00C04F79EFBC}") = "Default_MasterDetail.Android", "src\Forms\Default_MasterDetail\Default_MasterDetail.Android\Default_MasterDetail.Android.csproj", "{FC91FD5C-93B2-4524-BBA7-1D86658D2F9C}"
EndProject
Project("{FAE04EC0-301F-11D3-BF4B-00C04F79EFBC}") = "Default_MasterDetail.iOS", "src\Forms\Default_MasterDetail\Default_MasterDetail.iOS\Default_MasterDetail.iOS.csproj", "{8C98656A-CC35-4BE8-9AC8-751A03B44FD9}"
EndProject
Project("{9A19103F-16F7-4668-BE54-9A1E7A4F7556}") = "Default_MasterDetail", "src\Forms\Default_MasterDetail\Default_MasterDetail\Default_MasterDetail.csproj", "{ABDD1BD0-C7D4-4B55-8E28-E4BA5CC8D67E}"
EndProject
Project("{FAE04EC0-301F-11D3-BF4B-00C04F79EFBC}") = "Default_Tabbed.UWP", "src\Forms\Default_Tabbed\Default_Tabbed.UWP\Default_Tabbed.UWP.csproj", "{3D278F9A-8DBB-437E-8A3E-CA2851E0568E}"
EndProject
Project("{FAE04EC0-301F-11D3-BF4B-00C04F79EFBC}") = "Default_Tabbed.Android", "src\Forms\Default_Tabbed\Default_Tabbed.Android\Default_Tabbed.Android.csproj", "{6D33C4AC-5636-4151-9CB7-CE63A27FD73D}"
EndProject
Project("{FAE04EC0-301F-11D3-BF4B-00C04F79EFBC}") = "Default_Tabbed.iOS", "src\Forms\Default_Tabbed\Default_Tabbed.iOS\Default_Tabbed.iOS.csproj", "{4BC054AF-E2BE-45C6-8517-155E2493EAA5}"
EndProject
Project("{9A19103F-16F7-4668-BE54-9A1E7A4F7556}") = "Default_Tabbed", "src\Forms\Default_Tabbed\Default_Tabbed\Default_Tabbed.csproj", "{CB612687-1532-4D0B-99D4-E73C6792CC78}"
EndProject
Project("{FAE04EC0-301F-11D3-BF4B-00C04F79EFBC}") = "Default_Shell.Android", "src\Forms\Default_Shell\Default_Shell.Android\Default_Shell.Android.csproj", "{9A5FC788-29C0-4BA4-9122-DECD4E4F50A3}"
EndProject
Project("{FAE04EC0-301F-11D3-BF4B-00C04F79EFBC}") = "Default_Shell.iOS", "src\Forms\Default_Shell\Default_Shell.iOS\Default_Shell.iOS.csproj", "{0226F45A-E616-47A1-9924-6198C33426D5}"
EndProject
Project("{9A19103F-16F7-4668-BE54-9A1E7A4F7556}") = "Default_Shell", "src\Forms\Default_Shell\Default_Shell\Default_Shell.csproj", "{B8BA6A0E-A2CA-4C9D-82E7-EC6FF76768A7}"
EndProject
Project("{FAE04EC0-301F-11D3-BF4B-00C04F79EFBC}") = "Default_Blank.UWP", "src\Forms\Default_Blank\Default_Blank.UWP\Default_Blank.UWP.csproj", "{0D4B34A8-A570-4A01-B9D5-595C4CD7E8D9}"
EndProject
Project("{FAE04EC0-301F-11D3-BF4B-00C04F79EFBC}") = "Default_Blank.Android", "src\Forms\Default_Blank\Default_Blank.Android\Default_Blank.Android.csproj", "{6F1155E6-9CC5-46C4-B80C-0565F4888986}"
EndProject
Project("{FAE04EC0-301F-11D3-BF4B-00C04F79EFBC}") = "Default_Blank.iOS", "src\Forms\Default_Blank\Default_Blank.iOS\Default_Blank.iOS.csproj", "{13B98A8A-027C-44AA-9288-44FDC6EF26E7}"
EndProject
Project("{9A19103F-16F7-4668-BE54-9A1E7A4F7556}") = "Default_Blank", "src\Forms\Default_Blank\Default_Blank\Default_Blank.csproj", "{AA6E4DF5-0299-4DA5-9139-7AE760F3DF2B}"
EndProject
Project("{9A19103F-16F7-4668-BE54-9A1E7A4F7556}") = "Default_MasterDetail.MobileAppService", "src\Forms\Default_MasterDetail\Default_MasterDetail.MobileAppService\Default_MasterDetail.MobileAppService.csproj", "{E2A81C1F-E5A8-49C1-B6BC-76E25B7506F7}"
EndProject
Project("{9A19103F-16F7-4668-BE54-9A1E7A4F7556}") = "Default_Shell.MobileAppService", "src\Forms\Default_Shell\Default_Shell.MobileAppService\Default_Shell.MobileAppService.csproj", "{0ABEFD4A-644F-4385-B9FB-F36420C1E22D}"
EndProject
Project("{9A19103F-16F7-4668-BE54-9A1E7A4F7556}") = "Default_Tabbed.MobileAppService", "src\Forms\Default_Tabbed\Default_Tabbed.MobileAppService\Default_Tabbed.MobileAppService.csproj", "{BD300C9C-D793-4953-ACE4-209C26F29EFA}"
EndProject
Project("{FAE04EC0-301F-11D3-BF4B-00C04F79EFBC}") = "Xamarin_Samples.UWP", "src\Forms\Xamarin_Samples\Xamarin_Samples.UWP\Xamarin_Samples.UWP.csproj", "{1B83EF5E-D5A3-4BB4-B6EA-A0F69F616C6A}"
EndProject
Project("{FAE04EC0-301F-11D3-BF4B-00C04F79EFBC}") = "Xamarin_Samples.Android", "src\Forms\Xamarin_Samples\Xamarin_Samples.Android\Xamarin_Samples.Android.csproj", "{22141F33-D8BF-4DB5-94FB-042888639FBB}"
EndProject
Project("{FAE04EC0-301F-11D3-BF4B-00C04F79EFBC}") = "Xamarin_Samples.iOS", "src\Forms\Xamarin_Samples\Xamarin_Samples.iOS\Xamarin_Samples.iOS.csproj", "{16774291-D05B-45A7-9EF5-E8806A2ADB07}"
EndProject
Project("{FAE04EC0-301F-11D3-BF4B-00C04F79EFBC}") = "Xamarin_Samples", "src\Forms\Xamarin_Samples\Xamarin_Samples\Xamarin_Samples.csproj", "{F2C03A52-2018-4211-B9C3-7181E8801ADB}"
EndProject
Project("{2150E333-8FDC-42A3-9474-1A3956D46DE8}") = "Forms", "Forms", "{A2214041-AAA5-40FF-8DDE-2EE00C3F4755}"
EndProject
Global
	GlobalSection(SolutionConfigurationPlatforms) = preSolution
		Debug|Any CPU = Debug|Any CPU
		Debug|ARM = Debug|ARM
		Debug|iPhone = Debug|iPhone
		Debug|iPhoneSimulator = Debug|iPhoneSimulator
		Debug|x64 = Debug|x64
		Debug|x86 = Debug|x86
		Release|Any CPU = Release|Any CPU
		Release|ARM = Release|ARM
		Release|iPhone = Release|iPhone
		Release|iPhoneSimulator = Release|iPhoneSimulator
		Release|x64 = Release|x64
		Release|x86 = Release|x86
	EndGlobalSection
	GlobalSection(ProjectConfigurationPlatforms) = postSolution
		{F01B5B2C-E13B-4AB5-A758-982F0AC3E349}.Debug|Any CPU.ActiveCfg = Debug|Any CPU
		{F01B5B2C-E13B-4AB5-A758-982F0AC3E349}.Debug|Any CPU.Build.0 = Debug|Any CPU
		{F01B5B2C-E13B-4AB5-A758-982F0AC3E349}.Debug|ARM.ActiveCfg = Debug|Any CPU
		{F01B5B2C-E13B-4AB5-A758-982F0AC3E349}.Debug|ARM.Build.0 = Debug|Any CPU
		{F01B5B2C-E13B-4AB5-A758-982F0AC3E349}.Debug|iPhone.ActiveCfg = Debug|Any CPU
		{F01B5B2C-E13B-4AB5-A758-982F0AC3E349}.Debug|iPhone.Build.0 = Debug|Any CPU
		{F01B5B2C-E13B-4AB5-A758-982F0AC3E349}.Debug|iPhoneSimulator.ActiveCfg = Debug|Any CPU
		{F01B5B2C-E13B-4AB5-A758-982F0AC3E349}.Debug|iPhoneSimulator.Build.0 = Debug|Any CPU
		{F01B5B2C-E13B-4AB5-A758-982F0AC3E349}.Debug|x64.ActiveCfg = Debug|Any CPU
		{F01B5B2C-E13B-4AB5-A758-982F0AC3E349}.Debug|x64.Build.0 = Debug|Any CPU
		{F01B5B2C-E13B-4AB5-A758-982F0AC3E349}.Debug|x86.ActiveCfg = Debug|Any CPU
		{F01B5B2C-E13B-4AB5-A758-982F0AC3E349}.Debug|x86.Build.0 = Debug|Any CPU
		{F01B5B2C-E13B-4AB5-A758-982F0AC3E349}.Release|Any CPU.ActiveCfg = Release|Any CPU
		{F01B5B2C-E13B-4AB5-A758-982F0AC3E349}.Release|Any CPU.Build.0 = Release|Any CPU
		{F01B5B2C-E13B-4AB5-A758-982F0AC3E349}.Release|ARM.ActiveCfg = Release|Any CPU
		{F01B5B2C-E13B-4AB5-A758-982F0AC3E349}.Release|ARM.Build.0 = Release|Any CPU
		{F01B5B2C-E13B-4AB5-A758-982F0AC3E349}.Release|iPhone.ActiveCfg = Release|Any CPU
		{F01B5B2C-E13B-4AB5-A758-982F0AC3E349}.Release|iPhone.Build.0 = Release|Any CPU
		{F01B5B2C-E13B-4AB5-A758-982F0AC3E349}.Release|iPhoneSimulator.ActiveCfg = Release|Any CPU
		{F01B5B2C-E13B-4AB5-A758-982F0AC3E349}.Release|iPhoneSimulator.Build.0 = Release|Any CPU
		{F01B5B2C-E13B-4AB5-A758-982F0AC3E349}.Release|x64.ActiveCfg = Release|Any CPU
		{F01B5B2C-E13B-4AB5-A758-982F0AC3E349}.Release|x64.Build.0 = Release|Any CPU
		{F01B5B2C-E13B-4AB5-A758-982F0AC3E349}.Release|x86.ActiveCfg = Release|Any CPU
		{F01B5B2C-E13B-4AB5-A758-982F0AC3E349}.Release|x86.Build.0 = Release|Any CPU
		{B7E2A305-7F5A-439F-98EF-D8790F2DF70F}.Debug|Any CPU.ActiveCfg = Debug|x86
		{B7E2A305-7F5A-439F-98EF-D8790F2DF70F}.Debug|ARM.ActiveCfg = Debug|ARM
		{B7E2A305-7F5A-439F-98EF-D8790F2DF70F}.Debug|ARM.Build.0 = Debug|ARM
		{B7E2A305-7F5A-439F-98EF-D8790F2DF70F}.Debug|ARM.Deploy.0 = Debug|ARM
		{B7E2A305-7F5A-439F-98EF-D8790F2DF70F}.Debug|iPhone.ActiveCfg = Debug|x86
		{B7E2A305-7F5A-439F-98EF-D8790F2DF70F}.Debug|iPhoneSimulator.ActiveCfg = Debug|x86
		{B7E2A305-7F5A-439F-98EF-D8790F2DF70F}.Debug|x64.ActiveCfg = Debug|x64
		{B7E2A305-7F5A-439F-98EF-D8790F2DF70F}.Debug|x64.Build.0 = Debug|x64
		{B7E2A305-7F5A-439F-98EF-D8790F2DF70F}.Debug|x64.Deploy.0 = Debug|x64
		{B7E2A305-7F5A-439F-98EF-D8790F2DF70F}.Debug|x86.ActiveCfg = Debug|x86
		{B7E2A305-7F5A-439F-98EF-D8790F2DF70F}.Debug|x86.Build.0 = Debug|x86
		{B7E2A305-7F5A-439F-98EF-D8790F2DF70F}.Debug|x86.Deploy.0 = Debug|x86
		{B7E2A305-7F5A-439F-98EF-D8790F2DF70F}.Release|Any CPU.ActiveCfg = Release|x86
		{B7E2A305-7F5A-439F-98EF-D8790F2DF70F}.Release|ARM.ActiveCfg = Release|ARM
		{B7E2A305-7F5A-439F-98EF-D8790F2DF70F}.Release|ARM.Build.0 = Release|ARM
		{B7E2A305-7F5A-439F-98EF-D8790F2DF70F}.Release|ARM.Deploy.0 = Release|ARM
		{B7E2A305-7F5A-439F-98EF-D8790F2DF70F}.Release|iPhone.ActiveCfg = Release|x86
		{B7E2A305-7F5A-439F-98EF-D8790F2DF70F}.Release|iPhoneSimulator.ActiveCfg = Release|x86
		{B7E2A305-7F5A-439F-98EF-D8790F2DF70F}.Release|x64.ActiveCfg = Release|x64
		{B7E2A305-7F5A-439F-98EF-D8790F2DF70F}.Release|x64.Build.0 = Release|x64
		{B7E2A305-7F5A-439F-98EF-D8790F2DF70F}.Release|x64.Deploy.0 = Release|x64
		{B7E2A305-7F5A-439F-98EF-D8790F2DF70F}.Release|x86.ActiveCfg = Release|x86
		{B7E2A305-7F5A-439F-98EF-D8790F2DF70F}.Release|x86.Build.0 = Release|x86
		{B7E2A305-7F5A-439F-98EF-D8790F2DF70F}.Release|x86.Deploy.0 = Release|x86
		{FC91FD5C-93B2-4524-BBA7-1D86658D2F9C}.Debug|Any CPU.ActiveCfg = Debug|Any CPU
		{FC91FD5C-93B2-4524-BBA7-1D86658D2F9C}.Debug|Any CPU.Build.0 = Debug|Any CPU
		{FC91FD5C-93B2-4524-BBA7-1D86658D2F9C}.Debug|Any CPU.Deploy.0 = Debug|Any CPU
		{FC91FD5C-93B2-4524-BBA7-1D86658D2F9C}.Debug|ARM.ActiveCfg = Debug|Any CPU
		{FC91FD5C-93B2-4524-BBA7-1D86658D2F9C}.Debug|ARM.Build.0 = Debug|Any CPU
		{FC91FD5C-93B2-4524-BBA7-1D86658D2F9C}.Debug|ARM.Deploy.0 = Debug|Any CPU
		{FC91FD5C-93B2-4524-BBA7-1D86658D2F9C}.Debug|iPhone.ActiveCfg = Debug|Any CPU
		{FC91FD5C-93B2-4524-BBA7-1D86658D2F9C}.Debug|iPhone.Build.0 = Debug|Any CPU
		{FC91FD5C-93B2-4524-BBA7-1D86658D2F9C}.Debug|iPhone.Deploy.0 = Debug|Any CPU
		{FC91FD5C-93B2-4524-BBA7-1D86658D2F9C}.Debug|iPhoneSimulator.ActiveCfg = Debug|Any CPU
		{FC91FD5C-93B2-4524-BBA7-1D86658D2F9C}.Debug|iPhoneSimulator.Build.0 = Debug|Any CPU
		{FC91FD5C-93B2-4524-BBA7-1D86658D2F9C}.Debug|iPhoneSimulator.Deploy.0 = Debug|Any CPU
		{FC91FD5C-93B2-4524-BBA7-1D86658D2F9C}.Debug|x64.ActiveCfg = Debug|Any CPU
		{FC91FD5C-93B2-4524-BBA7-1D86658D2F9C}.Debug|x64.Build.0 = Debug|Any CPU
		{FC91FD5C-93B2-4524-BBA7-1D86658D2F9C}.Debug|x64.Deploy.0 = Debug|Any CPU
		{FC91FD5C-93B2-4524-BBA7-1D86658D2F9C}.Debug|x86.ActiveCfg = Debug|Any CPU
		{FC91FD5C-93B2-4524-BBA7-1D86658D2F9C}.Debug|x86.Build.0 = Debug|Any CPU
		{FC91FD5C-93B2-4524-BBA7-1D86658D2F9C}.Debug|x86.Deploy.0 = Debug|Any CPU
		{FC91FD5C-93B2-4524-BBA7-1D86658D2F9C}.Release|Any CPU.ActiveCfg = Release|Any CPU
		{FC91FD5C-93B2-4524-BBA7-1D86658D2F9C}.Release|Any CPU.Build.0 = Release|Any CPU
		{FC91FD5C-93B2-4524-BBA7-1D86658D2F9C}.Release|Any CPU.Deploy.0 = Release|Any CPU
		{FC91FD5C-93B2-4524-BBA7-1D86658D2F9C}.Release|ARM.ActiveCfg = Release|Any CPU
		{FC91FD5C-93B2-4524-BBA7-1D86658D2F9C}.Release|ARM.Build.0 = Release|Any CPU
		{FC91FD5C-93B2-4524-BBA7-1D86658D2F9C}.Release|ARM.Deploy.0 = Release|Any CPU
		{FC91FD5C-93B2-4524-BBA7-1D86658D2F9C}.Release|iPhone.ActiveCfg = Release|Any CPU
		{FC91FD5C-93B2-4524-BBA7-1D86658D2F9C}.Release|iPhone.Build.0 = Release|Any CPU
		{FC91FD5C-93B2-4524-BBA7-1D86658D2F9C}.Release|iPhone.Deploy.0 = Release|Any CPU
		{FC91FD5C-93B2-4524-BBA7-1D86658D2F9C}.Release|iPhoneSimulator.ActiveCfg = Release|Any CPU
		{FC91FD5C-93B2-4524-BBA7-1D86658D2F9C}.Release|iPhoneSimulator.Build.0 = Release|Any CPU
		{FC91FD5C-93B2-4524-BBA7-1D86658D2F9C}.Release|iPhoneSimulator.Deploy.0 = Release|Any CPU
		{FC91FD5C-93B2-4524-BBA7-1D86658D2F9C}.Release|x64.ActiveCfg = Release|Any CPU
		{FC91FD5C-93B2-4524-BBA7-1D86658D2F9C}.Release|x64.Build.0 = Release|Any CPU
		{FC91FD5C-93B2-4524-BBA7-1D86658D2F9C}.Release|x64.Deploy.0 = Release|Any CPU
		{FC91FD5C-93B2-4524-BBA7-1D86658D2F9C}.Release|x86.ActiveCfg = Release|Any CPU
		{FC91FD5C-93B2-4524-BBA7-1D86658D2F9C}.Release|x86.Build.0 = Release|Any CPU
		{FC91FD5C-93B2-4524-BBA7-1D86658D2F9C}.Release|x86.Deploy.0 = Release|Any CPU
		{8C98656A-CC35-4BE8-9AC8-751A03B44FD9}.Debug|Any CPU.ActiveCfg = Debug|iPhone
		{8C98656A-CC35-4BE8-9AC8-751A03B44FD9}.Debug|ARM.ActiveCfg = Debug|iPhone
		{8C98656A-CC35-4BE8-9AC8-751A03B44FD9}.Debug|iPhone.ActiveCfg = Debug|iPhone
		{8C98656A-CC35-4BE8-9AC8-751A03B44FD9}.Debug|iPhone.Build.0 = Debug|iPhone
		{8C98656A-CC35-4BE8-9AC8-751A03B44FD9}.Debug|iPhoneSimulator.ActiveCfg = Debug|iPhoneSimulator
		{8C98656A-CC35-4BE8-9AC8-751A03B44FD9}.Debug|iPhoneSimulator.Build.0 = Debug|iPhoneSimulator
		{8C98656A-CC35-4BE8-9AC8-751A03B44FD9}.Debug|x64.ActiveCfg = Debug|iPhone
		{8C98656A-CC35-4BE8-9AC8-751A03B44FD9}.Debug|x86.ActiveCfg = Debug|iPhone
		{8C98656A-CC35-4BE8-9AC8-751A03B44FD9}.Release|Any CPU.ActiveCfg = Release|iPhone
		{8C98656A-CC35-4BE8-9AC8-751A03B44FD9}.Release|ARM.ActiveCfg = Release|iPhone
		{8C98656A-CC35-4BE8-9AC8-751A03B44FD9}.Release|iPhone.ActiveCfg = Release|iPhone
		{8C98656A-CC35-4BE8-9AC8-751A03B44FD9}.Release|iPhone.Build.0 = Release|iPhone
		{8C98656A-CC35-4BE8-9AC8-751A03B44FD9}.Release|iPhoneSimulator.ActiveCfg = Release|iPhoneSimulator
		{8C98656A-CC35-4BE8-9AC8-751A03B44FD9}.Release|iPhoneSimulator.Build.0 = Release|iPhoneSimulator
		{8C98656A-CC35-4BE8-9AC8-751A03B44FD9}.Release|x64.ActiveCfg = Release|iPhone
		{8C98656A-CC35-4BE8-9AC8-751A03B44FD9}.Release|x86.ActiveCfg = Release|iPhone
		{ABDD1BD0-C7D4-4B55-8E28-E4BA5CC8D67E}.Debug|Any CPU.ActiveCfg = Debug|Any CPU
		{ABDD1BD0-C7D4-4B55-8E28-E4BA5CC8D67E}.Debug|Any CPU.Build.0 = Debug|Any CPU
		{ABDD1BD0-C7D4-4B55-8E28-E4BA5CC8D67E}.Debug|ARM.ActiveCfg = Debug|Any CPU
		{ABDD1BD0-C7D4-4B55-8E28-E4BA5CC8D67E}.Debug|ARM.Build.0 = Debug|Any CPU
		{ABDD1BD0-C7D4-4B55-8E28-E4BA5CC8D67E}.Debug|iPhone.ActiveCfg = Debug|Any CPU
		{ABDD1BD0-C7D4-4B55-8E28-E4BA5CC8D67E}.Debug|iPhone.Build.0 = Debug|Any CPU
		{ABDD1BD0-C7D4-4B55-8E28-E4BA5CC8D67E}.Debug|iPhoneSimulator.ActiveCfg = Debug|Any CPU
		{ABDD1BD0-C7D4-4B55-8E28-E4BA5CC8D67E}.Debug|iPhoneSimulator.Build.0 = Debug|Any CPU
		{ABDD1BD0-C7D4-4B55-8E28-E4BA5CC8D67E}.Debug|x64.ActiveCfg = Debug|Any CPU
		{ABDD1BD0-C7D4-4B55-8E28-E4BA5CC8D67E}.Debug|x64.Build.0 = Debug|Any CPU
		{ABDD1BD0-C7D4-4B55-8E28-E4BA5CC8D67E}.Debug|x86.ActiveCfg = Debug|Any CPU
		{ABDD1BD0-C7D4-4B55-8E28-E4BA5CC8D67E}.Debug|x86.Build.0 = Debug|Any CPU
		{ABDD1BD0-C7D4-4B55-8E28-E4BA5CC8D67E}.Release|Any CPU.ActiveCfg = Release|Any CPU
		{ABDD1BD0-C7D4-4B55-8E28-E4BA5CC8D67E}.Release|Any CPU.Build.0 = Release|Any CPU
		{ABDD1BD0-C7D4-4B55-8E28-E4BA5CC8D67E}.Release|ARM.ActiveCfg = Release|Any CPU
		{ABDD1BD0-C7D4-4B55-8E28-E4BA5CC8D67E}.Release|ARM.Build.0 = Release|Any CPU
		{ABDD1BD0-C7D4-4B55-8E28-E4BA5CC8D67E}.Release|iPhone.ActiveCfg = Release|Any CPU
		{ABDD1BD0-C7D4-4B55-8E28-E4BA5CC8D67E}.Release|iPhone.Build.0 = Release|Any CPU
		{ABDD1BD0-C7D4-4B55-8E28-E4BA5CC8D67E}.Release|iPhoneSimulator.ActiveCfg = Release|Any CPU
		{ABDD1BD0-C7D4-4B55-8E28-E4BA5CC8D67E}.Release|iPhoneSimulator.Build.0 = Release|Any CPU
		{ABDD1BD0-C7D4-4B55-8E28-E4BA5CC8D67E}.Release|x64.ActiveCfg = Release|Any CPU
		{ABDD1BD0-C7D4-4B55-8E28-E4BA5CC8D67E}.Release|x64.Build.0 = Release|Any CPU
		{ABDD1BD0-C7D4-4B55-8E28-E4BA5CC8D67E}.Release|x86.ActiveCfg = Release|Any CPU
		{ABDD1BD0-C7D4-4B55-8E28-E4BA5CC8D67E}.Release|x86.Build.0 = Release|Any CPU
		{3D278F9A-8DBB-437E-8A3E-CA2851E0568E}.Debug|Any CPU.ActiveCfg = Debug|x86
		{3D278F9A-8DBB-437E-8A3E-CA2851E0568E}.Debug|ARM.ActiveCfg = Debug|ARM
		{3D278F9A-8DBB-437E-8A3E-CA2851E0568E}.Debug|ARM.Build.0 = Debug|ARM
		{3D278F9A-8DBB-437E-8A3E-CA2851E0568E}.Debug|ARM.Deploy.0 = Debug|ARM
		{3D278F9A-8DBB-437E-8A3E-CA2851E0568E}.Debug|iPhone.ActiveCfg = Debug|x86
		{3D278F9A-8DBB-437E-8A3E-CA2851E0568E}.Debug|iPhoneSimulator.ActiveCfg = Debug|x86
		{3D278F9A-8DBB-437E-8A3E-CA2851E0568E}.Debug|x64.ActiveCfg = Debug|x64
		{3D278F9A-8DBB-437E-8A3E-CA2851E0568E}.Debug|x64.Build.0 = Debug|x64
		{3D278F9A-8DBB-437E-8A3E-CA2851E0568E}.Debug|x64.Deploy.0 = Debug|x64
		{3D278F9A-8DBB-437E-8A3E-CA2851E0568E}.Debug|x86.ActiveCfg = Debug|x86
		{3D278F9A-8DBB-437E-8A3E-CA2851E0568E}.Debug|x86.Build.0 = Debug|x86
		{3D278F9A-8DBB-437E-8A3E-CA2851E0568E}.Debug|x86.Deploy.0 = Debug|x86
		{3D278F9A-8DBB-437E-8A3E-CA2851E0568E}.Release|Any CPU.ActiveCfg = Release|x86
		{3D278F9A-8DBB-437E-8A3E-CA2851E0568E}.Release|ARM.ActiveCfg = Release|ARM
		{3D278F9A-8DBB-437E-8A3E-CA2851E0568E}.Release|ARM.Build.0 = Release|ARM
		{3D278F9A-8DBB-437E-8A3E-CA2851E0568E}.Release|ARM.Deploy.0 = Release|ARM
		{3D278F9A-8DBB-437E-8A3E-CA2851E0568E}.Release|iPhone.ActiveCfg = Release|x86
		{3D278F9A-8DBB-437E-8A3E-CA2851E0568E}.Release|iPhoneSimulator.ActiveCfg = Release|x86
		{3D278F9A-8DBB-437E-8A3E-CA2851E0568E}.Release|x64.ActiveCfg = Release|x64
		{3D278F9A-8DBB-437E-8A3E-CA2851E0568E}.Release|x64.Build.0 = Release|x64
		{3D278F9A-8DBB-437E-8A3E-CA2851E0568E}.Release|x64.Deploy.0 = Release|x64
		{3D278F9A-8DBB-437E-8A3E-CA2851E0568E}.Release|x86.ActiveCfg = Release|x86
		{3D278F9A-8DBB-437E-8A3E-CA2851E0568E}.Release|x86.Build.0 = Release|x86
		{3D278F9A-8DBB-437E-8A3E-CA2851E0568E}.Release|x86.Deploy.0 = Release|x86
		{6D33C4AC-5636-4151-9CB7-CE63A27FD73D}.Debug|Any CPU.ActiveCfg = Debug|Any CPU
		{6D33C4AC-5636-4151-9CB7-CE63A27FD73D}.Debug|Any CPU.Build.0 = Debug|Any CPU
		{6D33C4AC-5636-4151-9CB7-CE63A27FD73D}.Debug|Any CPU.Deploy.0 = Debug|Any CPU
		{6D33C4AC-5636-4151-9CB7-CE63A27FD73D}.Debug|ARM.ActiveCfg = Debug|Any CPU
		{6D33C4AC-5636-4151-9CB7-CE63A27FD73D}.Debug|ARM.Build.0 = Debug|Any CPU
		{6D33C4AC-5636-4151-9CB7-CE63A27FD73D}.Debug|ARM.Deploy.0 = Debug|Any CPU
		{6D33C4AC-5636-4151-9CB7-CE63A27FD73D}.Debug|iPhone.ActiveCfg = Debug|Any CPU
		{6D33C4AC-5636-4151-9CB7-CE63A27FD73D}.Debug|iPhone.Build.0 = Debug|Any CPU
		{6D33C4AC-5636-4151-9CB7-CE63A27FD73D}.Debug|iPhone.Deploy.0 = Debug|Any CPU
		{6D33C4AC-5636-4151-9CB7-CE63A27FD73D}.Debug|iPhoneSimulator.ActiveCfg = Debug|Any CPU
		{6D33C4AC-5636-4151-9CB7-CE63A27FD73D}.Debug|iPhoneSimulator.Build.0 = Debug|Any CPU
		{6D33C4AC-5636-4151-9CB7-CE63A27FD73D}.Debug|iPhoneSimulator.Deploy.0 = Debug|Any CPU
		{6D33C4AC-5636-4151-9CB7-CE63A27FD73D}.Debug|x64.ActiveCfg = Debug|Any CPU
		{6D33C4AC-5636-4151-9CB7-CE63A27FD73D}.Debug|x64.Build.0 = Debug|Any CPU
		{6D33C4AC-5636-4151-9CB7-CE63A27FD73D}.Debug|x64.Deploy.0 = Debug|Any CPU
		{6D33C4AC-5636-4151-9CB7-CE63A27FD73D}.Debug|x86.ActiveCfg = Debug|Any CPU
		{6D33C4AC-5636-4151-9CB7-CE63A27FD73D}.Debug|x86.Build.0 = Debug|Any CPU
		{6D33C4AC-5636-4151-9CB7-CE63A27FD73D}.Debug|x86.Deploy.0 = Debug|Any CPU
		{6D33C4AC-5636-4151-9CB7-CE63A27FD73D}.Release|Any CPU.ActiveCfg = Release|Any CPU
		{6D33C4AC-5636-4151-9CB7-CE63A27FD73D}.Release|Any CPU.Build.0 = Release|Any CPU
		{6D33C4AC-5636-4151-9CB7-CE63A27FD73D}.Release|Any CPU.Deploy.0 = Release|Any CPU
		{6D33C4AC-5636-4151-9CB7-CE63A27FD73D}.Release|ARM.ActiveCfg = Release|Any CPU
		{6D33C4AC-5636-4151-9CB7-CE63A27FD73D}.Release|ARM.Build.0 = Release|Any CPU
		{6D33C4AC-5636-4151-9CB7-CE63A27FD73D}.Release|ARM.Deploy.0 = Release|Any CPU
		{6D33C4AC-5636-4151-9CB7-CE63A27FD73D}.Release|iPhone.ActiveCfg = Release|Any CPU
		{6D33C4AC-5636-4151-9CB7-CE63A27FD73D}.Release|iPhone.Build.0 = Release|Any CPU
		{6D33C4AC-5636-4151-9CB7-CE63A27FD73D}.Release|iPhone.Deploy.0 = Release|Any CPU
		{6D33C4AC-5636-4151-9CB7-CE63A27FD73D}.Release|iPhoneSimulator.ActiveCfg = Release|Any CPU
		{6D33C4AC-5636-4151-9CB7-CE63A27FD73D}.Release|iPhoneSimulator.Build.0 = Release|Any CPU
		{6D33C4AC-5636-4151-9CB7-CE63A27FD73D}.Release|iPhoneSimulator.Deploy.0 = Release|Any CPU
		{6D33C4AC-5636-4151-9CB7-CE63A27FD73D}.Release|x64.ActiveCfg = Release|Any CPU
		{6D33C4AC-5636-4151-9CB7-CE63A27FD73D}.Release|x64.Build.0 = Release|Any CPU
		{6D33C4AC-5636-4151-9CB7-CE63A27FD73D}.Release|x64.Deploy.0 = Release|Any CPU
		{6D33C4AC-5636-4151-9CB7-CE63A27FD73D}.Release|x86.ActiveCfg = Release|Any CPU
		{6D33C4AC-5636-4151-9CB7-CE63A27FD73D}.Release|x86.Build.0 = Release|Any CPU
		{6D33C4AC-5636-4151-9CB7-CE63A27FD73D}.Release|x86.Deploy.0 = Release|Any CPU
		{4BC054AF-E2BE-45C6-8517-155E2493EAA5}.Debug|Any CPU.ActiveCfg = Debug|iPhone
		{4BC054AF-E2BE-45C6-8517-155E2493EAA5}.Debug|ARM.ActiveCfg = Debug|iPhone
		{4BC054AF-E2BE-45C6-8517-155E2493EAA5}.Debug|iPhone.ActiveCfg = Debug|iPhone
		{4BC054AF-E2BE-45C6-8517-155E2493EAA5}.Debug|iPhone.Build.0 = Debug|iPhone
		{4BC054AF-E2BE-45C6-8517-155E2493EAA5}.Debug|iPhoneSimulator.ActiveCfg = Debug|iPhoneSimulator
		{4BC054AF-E2BE-45C6-8517-155E2493EAA5}.Debug|iPhoneSimulator.Build.0 = Debug|iPhoneSimulator
		{4BC054AF-E2BE-45C6-8517-155E2493EAA5}.Debug|x64.ActiveCfg = Debug|iPhone
		{4BC054AF-E2BE-45C6-8517-155E2493EAA5}.Debug|x86.ActiveCfg = Debug|iPhone
		{4BC054AF-E2BE-45C6-8517-155E2493EAA5}.Release|Any CPU.ActiveCfg = Release|iPhone
		{4BC054AF-E2BE-45C6-8517-155E2493EAA5}.Release|ARM.ActiveCfg = Release|iPhone
		{4BC054AF-E2BE-45C6-8517-155E2493EAA5}.Release|iPhone.ActiveCfg = Release|iPhone
		{4BC054AF-E2BE-45C6-8517-155E2493EAA5}.Release|iPhone.Build.0 = Release|iPhone
		{4BC054AF-E2BE-45C6-8517-155E2493EAA5}.Release|iPhoneSimulator.ActiveCfg = Release|iPhoneSimulator
		{4BC054AF-E2BE-45C6-8517-155E2493EAA5}.Release|iPhoneSimulator.Build.0 = Release|iPhoneSimulator
		{4BC054AF-E2BE-45C6-8517-155E2493EAA5}.Release|x64.ActiveCfg = Release|iPhone
		{4BC054AF-E2BE-45C6-8517-155E2493EAA5}.Release|x86.ActiveCfg = Release|iPhone
		{CB612687-1532-4D0B-99D4-E73C6792CC78}.Debug|Any CPU.ActiveCfg = Debug|Any CPU
		{CB612687-1532-4D0B-99D4-E73C6792CC78}.Debug|Any CPU.Build.0 = Debug|Any CPU
		{CB612687-1532-4D0B-99D4-E73C6792CC78}.Debug|ARM.ActiveCfg = Debug|Any CPU
		{CB612687-1532-4D0B-99D4-E73C6792CC78}.Debug|ARM.Build.0 = Debug|Any CPU
		{CB612687-1532-4D0B-99D4-E73C6792CC78}.Debug|iPhone.ActiveCfg = Debug|Any CPU
		{CB612687-1532-4D0B-99D4-E73C6792CC78}.Debug|iPhone.Build.0 = Debug|Any CPU
		{CB612687-1532-4D0B-99D4-E73C6792CC78}.Debug|iPhoneSimulator.ActiveCfg = Debug|Any CPU
		{CB612687-1532-4D0B-99D4-E73C6792CC78}.Debug|iPhoneSimulator.Build.0 = Debug|Any CPU
		{CB612687-1532-4D0B-99D4-E73C6792CC78}.Debug|x64.ActiveCfg = Debug|Any CPU
		{CB612687-1532-4D0B-99D4-E73C6792CC78}.Debug|x64.Build.0 = Debug|Any CPU
		{CB612687-1532-4D0B-99D4-E73C6792CC78}.Debug|x86.ActiveCfg = Debug|Any CPU
		{CB612687-1532-4D0B-99D4-E73C6792CC78}.Debug|x86.Build.0 = Debug|Any CPU
		{CB612687-1532-4D0B-99D4-E73C6792CC78}.Release|Any CPU.ActiveCfg = Release|Any CPU
		{CB612687-1532-4D0B-99D4-E73C6792CC78}.Release|Any CPU.Build.0 = Release|Any CPU
		{CB612687-1532-4D0B-99D4-E73C6792CC78}.Release|ARM.ActiveCfg = Release|Any CPU
		{CB612687-1532-4D0B-99D4-E73C6792CC78}.Release|ARM.Build.0 = Release|Any CPU
		{CB612687-1532-4D0B-99D4-E73C6792CC78}.Release|iPhone.ActiveCfg = Release|Any CPU
		{CB612687-1532-4D0B-99D4-E73C6792CC78}.Release|iPhone.Build.0 = Release|Any CPU
		{CB612687-1532-4D0B-99D4-E73C6792CC78}.Release|iPhoneSimulator.ActiveCfg = Release|Any CPU
		{CB612687-1532-4D0B-99D4-E73C6792CC78}.Release|iPhoneSimulator.Build.0 = Release|Any CPU
		{CB612687-1532-4D0B-99D4-E73C6792CC78}.Release|x64.ActiveCfg = Release|Any CPU
		{CB612687-1532-4D0B-99D4-E73C6792CC78}.Release|x64.Build.0 = Release|Any CPU
		{CB612687-1532-4D0B-99D4-E73C6792CC78}.Release|x86.ActiveCfg = Release|Any CPU
		{CB612687-1532-4D0B-99D4-E73C6792CC78}.Release|x86.Build.0 = Release|Any CPU
		{9A5FC788-29C0-4BA4-9122-DECD4E4F50A3}.Debug|Any CPU.ActiveCfg = Debug|Any CPU
		{9A5FC788-29C0-4BA4-9122-DECD4E4F50A3}.Debug|Any CPU.Build.0 = Debug|Any CPU
		{9A5FC788-29C0-4BA4-9122-DECD4E4F50A3}.Debug|Any CPU.Deploy.0 = Debug|Any CPU
		{9A5FC788-29C0-4BA4-9122-DECD4E4F50A3}.Debug|ARM.ActiveCfg = Debug|Any CPU
		{9A5FC788-29C0-4BA4-9122-DECD4E4F50A3}.Debug|ARM.Build.0 = Debug|Any CPU
		{9A5FC788-29C0-4BA4-9122-DECD4E4F50A3}.Debug|ARM.Deploy.0 = Debug|Any CPU
		{9A5FC788-29C0-4BA4-9122-DECD4E4F50A3}.Debug|iPhone.ActiveCfg = Debug|Any CPU
		{9A5FC788-29C0-4BA4-9122-DECD4E4F50A3}.Debug|iPhone.Build.0 = Debug|Any CPU
		{9A5FC788-29C0-4BA4-9122-DECD4E4F50A3}.Debug|iPhone.Deploy.0 = Debug|Any CPU
		{9A5FC788-29C0-4BA4-9122-DECD4E4F50A3}.Debug|iPhoneSimulator.ActiveCfg = Debug|Any CPU
		{9A5FC788-29C0-4BA4-9122-DECD4E4F50A3}.Debug|iPhoneSimulator.Build.0 = Debug|Any CPU
		{9A5FC788-29C0-4BA4-9122-DECD4E4F50A3}.Debug|iPhoneSimulator.Deploy.0 = Debug|Any CPU
		{9A5FC788-29C0-4BA4-9122-DECD4E4F50A3}.Debug|x64.ActiveCfg = Debug|Any CPU
		{9A5FC788-29C0-4BA4-9122-DECD4E4F50A3}.Debug|x64.Build.0 = Debug|Any CPU
		{9A5FC788-29C0-4BA4-9122-DECD4E4F50A3}.Debug|x64.Deploy.0 = Debug|Any CPU
		{9A5FC788-29C0-4BA4-9122-DECD4E4F50A3}.Debug|x86.ActiveCfg = Debug|Any CPU
		{9A5FC788-29C0-4BA4-9122-DECD4E4F50A3}.Debug|x86.Build.0 = Debug|Any CPU
		{9A5FC788-29C0-4BA4-9122-DECD4E4F50A3}.Debug|x86.Deploy.0 = Debug|Any CPU
		{9A5FC788-29C0-4BA4-9122-DECD4E4F50A3}.Release|Any CPU.ActiveCfg = Release|Any CPU
		{9A5FC788-29C0-4BA4-9122-DECD4E4F50A3}.Release|Any CPU.Build.0 = Release|Any CPU
		{9A5FC788-29C0-4BA4-9122-DECD4E4F50A3}.Release|Any CPU.Deploy.0 = Release|Any CPU
		{9A5FC788-29C0-4BA4-9122-DECD4E4F50A3}.Release|ARM.ActiveCfg = Release|Any CPU
		{9A5FC788-29C0-4BA4-9122-DECD4E4F50A3}.Release|ARM.Build.0 = Release|Any CPU
		{9A5FC788-29C0-4BA4-9122-DECD4E4F50A3}.Release|ARM.Deploy.0 = Release|Any CPU
		{9A5FC788-29C0-4BA4-9122-DECD4E4F50A3}.Release|iPhone.ActiveCfg = Release|Any CPU
		{9A5FC788-29C0-4BA4-9122-DECD4E4F50A3}.Release|iPhone.Build.0 = Release|Any CPU
		{9A5FC788-29C0-4BA4-9122-DECD4E4F50A3}.Release|iPhone.Deploy.0 = Release|Any CPU
		{9A5FC788-29C0-4BA4-9122-DECD4E4F50A3}.Release|iPhoneSimulator.ActiveCfg = Release|Any CPU
		{9A5FC788-29C0-4BA4-9122-DECD4E4F50A3}.Release|iPhoneSimulator.Build.0 = Release|Any CPU
		{9A5FC788-29C0-4BA4-9122-DECD4E4F50A3}.Release|iPhoneSimulator.Deploy.0 = Release|Any CPU
		{9A5FC788-29C0-4BA4-9122-DECD4E4F50A3}.Release|x64.ActiveCfg = Release|Any CPU
		{9A5FC788-29C0-4BA4-9122-DECD4E4F50A3}.Release|x64.Build.0 = Release|Any CPU
		{9A5FC788-29C0-4BA4-9122-DECD4E4F50A3}.Release|x64.Deploy.0 = Release|Any CPU
		{9A5FC788-29C0-4BA4-9122-DECD4E4F50A3}.Release|x86.ActiveCfg = Release|Any CPU
		{9A5FC788-29C0-4BA4-9122-DECD4E4F50A3}.Release|x86.Build.0 = Release|Any CPU
		{9A5FC788-29C0-4BA4-9122-DECD4E4F50A3}.Release|x86.Deploy.0 = Release|Any CPU
		{0226F45A-E616-47A1-9924-6198C33426D5}.Debug|Any CPU.ActiveCfg = Debug|iPhone
		{0226F45A-E616-47A1-9924-6198C33426D5}.Debug|ARM.ActiveCfg = Debug|iPhone
		{0226F45A-E616-47A1-9924-6198C33426D5}.Debug|iPhone.ActiveCfg = Debug|iPhone
		{0226F45A-E616-47A1-9924-6198C33426D5}.Debug|iPhone.Build.0 = Debug|iPhone
		{0226F45A-E616-47A1-9924-6198C33426D5}.Debug|iPhoneSimulator.ActiveCfg = Debug|iPhoneSimulator
		{0226F45A-E616-47A1-9924-6198C33426D5}.Debug|iPhoneSimulator.Build.0 = Debug|iPhoneSimulator
		{0226F45A-E616-47A1-9924-6198C33426D5}.Debug|x64.ActiveCfg = Debug|iPhone
		{0226F45A-E616-47A1-9924-6198C33426D5}.Debug|x86.ActiveCfg = Debug|iPhone
		{0226F45A-E616-47A1-9924-6198C33426D5}.Release|Any CPU.ActiveCfg = Release|iPhone
		{0226F45A-E616-47A1-9924-6198C33426D5}.Release|ARM.ActiveCfg = Release|iPhone
		{0226F45A-E616-47A1-9924-6198C33426D5}.Release|iPhone.ActiveCfg = Release|iPhone
		{0226F45A-E616-47A1-9924-6198C33426D5}.Release|iPhone.Build.0 = Release|iPhone
		{0226F45A-E616-47A1-9924-6198C33426D5}.Release|iPhoneSimulator.ActiveCfg = Release|iPhoneSimulator
		{0226F45A-E616-47A1-9924-6198C33426D5}.Release|iPhoneSimulator.Build.0 = Release|iPhoneSimulator
		{0226F45A-E616-47A1-9924-6198C33426D5}.Release|x64.ActiveCfg = Release|iPhone
		{0226F45A-E616-47A1-9924-6198C33426D5}.Release|x86.ActiveCfg = Release|iPhone
		{B8BA6A0E-A2CA-4C9D-82E7-EC6FF76768A7}.Debug|Any CPU.ActiveCfg = Debug|Any CPU
		{B8BA6A0E-A2CA-4C9D-82E7-EC6FF76768A7}.Debug|Any CPU.Build.0 = Debug|Any CPU
		{B8BA6A0E-A2CA-4C9D-82E7-EC6FF76768A7}.Debug|ARM.ActiveCfg = Debug|Any CPU
		{B8BA6A0E-A2CA-4C9D-82E7-EC6FF76768A7}.Debug|ARM.Build.0 = Debug|Any CPU
		{B8BA6A0E-A2CA-4C9D-82E7-EC6FF76768A7}.Debug|iPhone.ActiveCfg = Debug|Any CPU
		{B8BA6A0E-A2CA-4C9D-82E7-EC6FF76768A7}.Debug|iPhone.Build.0 = Debug|Any CPU
		{B8BA6A0E-A2CA-4C9D-82E7-EC6FF76768A7}.Debug|iPhoneSimulator.ActiveCfg = Debug|Any CPU
		{B8BA6A0E-A2CA-4C9D-82E7-EC6FF76768A7}.Debug|iPhoneSimulator.Build.0 = Debug|Any CPU
		{B8BA6A0E-A2CA-4C9D-82E7-EC6FF76768A7}.Debug|x64.ActiveCfg = Debug|Any CPU
		{B8BA6A0E-A2CA-4C9D-82E7-EC6FF76768A7}.Debug|x64.Build.0 = Debug|Any CPU
		{B8BA6A0E-A2CA-4C9D-82E7-EC6FF76768A7}.Debug|x86.ActiveCfg = Debug|Any CPU
		{B8BA6A0E-A2CA-4C9D-82E7-EC6FF76768A7}.Debug|x86.Build.0 = Debug|Any CPU
		{B8BA6A0E-A2CA-4C9D-82E7-EC6FF76768A7}.Release|Any CPU.ActiveCfg = Release|Any CPU
		{B8BA6A0E-A2CA-4C9D-82E7-EC6FF76768A7}.Release|Any CPU.Build.0 = Release|Any CPU
		{B8BA6A0E-A2CA-4C9D-82E7-EC6FF76768A7}.Release|ARM.ActiveCfg = Release|Any CPU
		{B8BA6A0E-A2CA-4C9D-82E7-EC6FF76768A7}.Release|ARM.Build.0 = Release|Any CPU
		{B8BA6A0E-A2CA-4C9D-82E7-EC6FF76768A7}.Release|iPhone.ActiveCfg = Release|Any CPU
		{B8BA6A0E-A2CA-4C9D-82E7-EC6FF76768A7}.Release|iPhone.Build.0 = Release|Any CPU
		{B8BA6A0E-A2CA-4C9D-82E7-EC6FF76768A7}.Release|iPhoneSimulator.ActiveCfg = Release|Any CPU
		{B8BA6A0E-A2CA-4C9D-82E7-EC6FF76768A7}.Release|iPhoneSimulator.Build.0 = Release|Any CPU
		{B8BA6A0E-A2CA-4C9D-82E7-EC6FF76768A7}.Release|x64.ActiveCfg = Release|Any CPU
		{B8BA6A0E-A2CA-4C9D-82E7-EC6FF76768A7}.Release|x64.Build.0 = Release|Any CPU
		{B8BA6A0E-A2CA-4C9D-82E7-EC6FF76768A7}.Release|x86.ActiveCfg = Release|Any CPU
		{B8BA6A0E-A2CA-4C9D-82E7-EC6FF76768A7}.Release|x86.Build.0 = Release|Any CPU
		{0D4B34A8-A570-4A01-B9D5-595C4CD7E8D9}.Debug|Any CPU.ActiveCfg = Debug|x86
		{0D4B34A8-A570-4A01-B9D5-595C4CD7E8D9}.Debug|ARM.ActiveCfg = Debug|ARM
		{0D4B34A8-A570-4A01-B9D5-595C4CD7E8D9}.Debug|ARM.Build.0 = Debug|ARM
		{0D4B34A8-A570-4A01-B9D5-595C4CD7E8D9}.Debug|ARM.Deploy.0 = Debug|ARM
		{0D4B34A8-A570-4A01-B9D5-595C4CD7E8D9}.Debug|iPhone.ActiveCfg = Debug|x86
		{0D4B34A8-A570-4A01-B9D5-595C4CD7E8D9}.Debug|iPhoneSimulator.ActiveCfg = Debug|x86
		{0D4B34A8-A570-4A01-B9D5-595C4CD7E8D9}.Debug|x64.ActiveCfg = Debug|x64
		{0D4B34A8-A570-4A01-B9D5-595C4CD7E8D9}.Debug|x64.Build.0 = Debug|x64
		{0D4B34A8-A570-4A01-B9D5-595C4CD7E8D9}.Debug|x64.Deploy.0 = Debug|x64
		{0D4B34A8-A570-4A01-B9D5-595C4CD7E8D9}.Debug|x86.ActiveCfg = Debug|x86
		{0D4B34A8-A570-4A01-B9D5-595C4CD7E8D9}.Debug|x86.Build.0 = Debug|x86
		{0D4B34A8-A570-4A01-B9D5-595C4CD7E8D9}.Debug|x86.Deploy.0 = Debug|x86
		{0D4B34A8-A570-4A01-B9D5-595C4CD7E8D9}.Release|Any CPU.ActiveCfg = Release|x86
		{0D4B34A8-A570-4A01-B9D5-595C4CD7E8D9}.Release|ARM.ActiveCfg = Release|ARM
		{0D4B34A8-A570-4A01-B9D5-595C4CD7E8D9}.Release|ARM.Build.0 = Release|ARM
		{0D4B34A8-A570-4A01-B9D5-595C4CD7E8D9}.Release|ARM.Deploy.0 = Release|ARM
		{0D4B34A8-A570-4A01-B9D5-595C4CD7E8D9}.Release|iPhone.ActiveCfg = Release|x86
		{0D4B34A8-A570-4A01-B9D5-595C4CD7E8D9}.Release|iPhoneSimulator.ActiveCfg = Release|x86
		{0D4B34A8-A570-4A01-B9D5-595C4CD7E8D9}.Release|x64.ActiveCfg = Release|x64
		{0D4B34A8-A570-4A01-B9D5-595C4CD7E8D9}.Release|x64.Build.0 = Release|x64
		{0D4B34A8-A570-4A01-B9D5-595C4CD7E8D9}.Release|x64.Deploy.0 = Release|x64
		{0D4B34A8-A570-4A01-B9D5-595C4CD7E8D9}.Release|x86.ActiveCfg = Release|x86
		{0D4B34A8-A570-4A01-B9D5-595C4CD7E8D9}.Release|x86.Build.0 = Release|x86
		{0D4B34A8-A570-4A01-B9D5-595C4CD7E8D9}.Release|x86.Deploy.0 = Release|x86
		{6F1155E6-9CC5-46C4-B80C-0565F4888986}.Debug|Any CPU.ActiveCfg = Debug|Any CPU
		{6F1155E6-9CC5-46C4-B80C-0565F4888986}.Debug|Any CPU.Build.0 = Debug|Any CPU
		{6F1155E6-9CC5-46C4-B80C-0565F4888986}.Debug|Any CPU.Deploy.0 = Debug|Any CPU
		{6F1155E6-9CC5-46C4-B80C-0565F4888986}.Debug|ARM.ActiveCfg = Debug|Any CPU
		{6F1155E6-9CC5-46C4-B80C-0565F4888986}.Debug|ARM.Build.0 = Debug|Any CPU
		{6F1155E6-9CC5-46C4-B80C-0565F4888986}.Debug|ARM.Deploy.0 = Debug|Any CPU
		{6F1155E6-9CC5-46C4-B80C-0565F4888986}.Debug|iPhone.ActiveCfg = Debug|Any CPU
		{6F1155E6-9CC5-46C4-B80C-0565F4888986}.Debug|iPhone.Build.0 = Debug|Any CPU
		{6F1155E6-9CC5-46C4-B80C-0565F4888986}.Debug|iPhone.Deploy.0 = Debug|Any CPU
		{6F1155E6-9CC5-46C4-B80C-0565F4888986}.Debug|iPhoneSimulator.ActiveCfg = Debug|Any CPU
		{6F1155E6-9CC5-46C4-B80C-0565F4888986}.Debug|iPhoneSimulator.Build.0 = Debug|Any CPU
		{6F1155E6-9CC5-46C4-B80C-0565F4888986}.Debug|iPhoneSimulator.Deploy.0 = Debug|Any CPU
		{6F1155E6-9CC5-46C4-B80C-0565F4888986}.Debug|x64.ActiveCfg = Debug|Any CPU
		{6F1155E6-9CC5-46C4-B80C-0565F4888986}.Debug|x64.Build.0 = Debug|Any CPU
		{6F1155E6-9CC5-46C4-B80C-0565F4888986}.Debug|x64.Deploy.0 = Debug|Any CPU
		{6F1155E6-9CC5-46C4-B80C-0565F4888986}.Debug|x86.ActiveCfg = Debug|Any CPU
		{6F1155E6-9CC5-46C4-B80C-0565F4888986}.Debug|x86.Build.0 = Debug|Any CPU
		{6F1155E6-9CC5-46C4-B80C-0565F4888986}.Debug|x86.Deploy.0 = Debug|Any CPU
		{6F1155E6-9CC5-46C4-B80C-0565F4888986}.Release|Any CPU.ActiveCfg = Release|Any CPU
		{6F1155E6-9CC5-46C4-B80C-0565F4888986}.Release|Any CPU.Build.0 = Release|Any CPU
		{6F1155E6-9CC5-46C4-B80C-0565F4888986}.Release|Any CPU.Deploy.0 = Release|Any CPU
		{6F1155E6-9CC5-46C4-B80C-0565F4888986}.Release|ARM.ActiveCfg = Release|Any CPU
		{6F1155E6-9CC5-46C4-B80C-0565F4888986}.Release|ARM.Build.0 = Release|Any CPU
		{6F1155E6-9CC5-46C4-B80C-0565F4888986}.Release|ARM.Deploy.0 = Release|Any CPU
		{6F1155E6-9CC5-46C4-B80C-0565F4888986}.Release|iPhone.ActiveCfg = Release|Any CPU
		{6F1155E6-9CC5-46C4-B80C-0565F4888986}.Release|iPhone.Build.0 = Release|Any CPU
		{6F1155E6-9CC5-46C4-B80C-0565F4888986}.Release|iPhone.Deploy.0 = Release|Any CPU
		{6F1155E6-9CC5-46C4-B80C-0565F4888986}.Release|iPhoneSimulator.ActiveCfg = Release|Any CPU
		{6F1155E6-9CC5-46C4-B80C-0565F4888986}.Release|iPhoneSimulator.Build.0 = Release|Any CPU
		{6F1155E6-9CC5-46C4-B80C-0565F4888986}.Release|iPhoneSimulator.Deploy.0 = Release|Any CPU
		{6F1155E6-9CC5-46C4-B80C-0565F4888986}.Release|x64.ActiveCfg = Release|Any CPU
		{6F1155E6-9CC5-46C4-B80C-0565F4888986}.Release|x64.Build.0 = Release|Any CPU
		{6F1155E6-9CC5-46C4-B80C-0565F4888986}.Release|x64.Deploy.0 = Release|Any CPU
		{6F1155E6-9CC5-46C4-B80C-0565F4888986}.Release|x86.ActiveCfg = Release|Any CPU
		{6F1155E6-9CC5-46C4-B80C-0565F4888986}.Release|x86.Build.0 = Release|Any CPU
		{6F1155E6-9CC5-46C4-B80C-0565F4888986}.Release|x86.Deploy.0 = Release|Any CPU
		{13B98A8A-027C-44AA-9288-44FDC6EF26E7}.Debug|Any CPU.ActiveCfg = Debug|iPhone
		{13B98A8A-027C-44AA-9288-44FDC6EF26E7}.Debug|ARM.ActiveCfg = Debug|iPhone
		{13B98A8A-027C-44AA-9288-44FDC6EF26E7}.Debug|iPhone.ActiveCfg = Debug|iPhone
		{13B98A8A-027C-44AA-9288-44FDC6EF26E7}.Debug|iPhone.Build.0 = Debug|iPhone
		{13B98A8A-027C-44AA-9288-44FDC6EF26E7}.Debug|iPhoneSimulator.ActiveCfg = Debug|iPhoneSimulator
		{13B98A8A-027C-44AA-9288-44FDC6EF26E7}.Debug|iPhoneSimulator.Build.0 = Debug|iPhoneSimulator
		{13B98A8A-027C-44AA-9288-44FDC6EF26E7}.Debug|x64.ActiveCfg = Debug|iPhone
		{13B98A8A-027C-44AA-9288-44FDC6EF26E7}.Debug|x86.ActiveCfg = Debug|iPhone
		{13B98A8A-027C-44AA-9288-44FDC6EF26E7}.Release|Any CPU.ActiveCfg = Release|iPhone
		{13B98A8A-027C-44AA-9288-44FDC6EF26E7}.Release|ARM.ActiveCfg = Release|iPhone
		{13B98A8A-027C-44AA-9288-44FDC6EF26E7}.Release|iPhone.ActiveCfg = Release|iPhone
		{13B98A8A-027C-44AA-9288-44FDC6EF26E7}.Release|iPhone.Build.0 = Release|iPhone
		{13B98A8A-027C-44AA-9288-44FDC6EF26E7}.Release|iPhoneSimulator.ActiveCfg = Release|iPhoneSimulator
		{13B98A8A-027C-44AA-9288-44FDC6EF26E7}.Release|iPhoneSimulator.Build.0 = Release|iPhoneSimulator
		{13B98A8A-027C-44AA-9288-44FDC6EF26E7}.Release|x64.ActiveCfg = Release|iPhone
		{13B98A8A-027C-44AA-9288-44FDC6EF26E7}.Release|x86.ActiveCfg = Release|iPhone
		{AA6E4DF5-0299-4DA5-9139-7AE760F3DF2B}.Debug|Any CPU.ActiveCfg = Debug|Any CPU
		{AA6E4DF5-0299-4DA5-9139-7AE760F3DF2B}.Debug|Any CPU.Build.0 = Debug|Any CPU
		{AA6E4DF5-0299-4DA5-9139-7AE760F3DF2B}.Debug|ARM.ActiveCfg = Debug|Any CPU
		{AA6E4DF5-0299-4DA5-9139-7AE760F3DF2B}.Debug|ARM.Build.0 = Debug|Any CPU
		{AA6E4DF5-0299-4DA5-9139-7AE760F3DF2B}.Debug|iPhone.ActiveCfg = Debug|Any CPU
		{AA6E4DF5-0299-4DA5-9139-7AE760F3DF2B}.Debug|iPhone.Build.0 = Debug|Any CPU
		{AA6E4DF5-0299-4DA5-9139-7AE760F3DF2B}.Debug|iPhoneSimulator.ActiveCfg = Debug|Any CPU
		{AA6E4DF5-0299-4DA5-9139-7AE760F3DF2B}.Debug|iPhoneSimulator.Build.0 = Debug|Any CPU
		{AA6E4DF5-0299-4DA5-9139-7AE760F3DF2B}.Debug|x64.ActiveCfg = Debug|Any CPU
		{AA6E4DF5-0299-4DA5-9139-7AE760F3DF2B}.Debug|x64.Build.0 = Debug|Any CPU
		{AA6E4DF5-0299-4DA5-9139-7AE760F3DF2B}.Debug|x86.ActiveCfg = Debug|Any CPU
		{AA6E4DF5-0299-4DA5-9139-7AE760F3DF2B}.Debug|x86.Build.0 = Debug|Any CPU
		{AA6E4DF5-0299-4DA5-9139-7AE760F3DF2B}.Release|Any CPU.ActiveCfg = Release|Any CPU
		{AA6E4DF5-0299-4DA5-9139-7AE760F3DF2B}.Release|Any CPU.Build.0 = Release|Any CPU
		{AA6E4DF5-0299-4DA5-9139-7AE760F3DF2B}.Release|ARM.ActiveCfg = Release|Any CPU
		{AA6E4DF5-0299-4DA5-9139-7AE760F3DF2B}.Release|ARM.Build.0 = Release|Any CPU
		{AA6E4DF5-0299-4DA5-9139-7AE760F3DF2B}.Release|iPhone.ActiveCfg = Release|Any CPU
		{AA6E4DF5-0299-4DA5-9139-7AE760F3DF2B}.Release|iPhone.Build.0 = Release|Any CPU
		{AA6E4DF5-0299-4DA5-9139-7AE760F3DF2B}.Release|iPhoneSimulator.ActiveCfg = Release|Any CPU
		{AA6E4DF5-0299-4DA5-9139-7AE760F3DF2B}.Release|iPhoneSimulator.Build.0 = Release|Any CPU
		{AA6E4DF5-0299-4DA5-9139-7AE760F3DF2B}.Release|x64.ActiveCfg = Release|Any CPU
		{AA6E4DF5-0299-4DA5-9139-7AE760F3DF2B}.Release|x64.Build.0 = Release|Any CPU
		{AA6E4DF5-0299-4DA5-9139-7AE760F3DF2B}.Release|x86.ActiveCfg = Release|Any CPU
		{AA6E4DF5-0299-4DA5-9139-7AE760F3DF2B}.Release|x86.Build.0 = Release|Any CPU
		{E2A81C1F-E5A8-49C1-B6BC-76E25B7506F7}.Debug|Any CPU.ActiveCfg = Debug|Any CPU
		{E2A81C1F-E5A8-49C1-B6BC-76E25B7506F7}.Debug|Any CPU.Build.0 = Debug|Any CPU
		{E2A81C1F-E5A8-49C1-B6BC-76E25B7506F7}.Debug|ARM.ActiveCfg = Debug|Any CPU
		{E2A81C1F-E5A8-49C1-B6BC-76E25B7506F7}.Debug|ARM.Build.0 = Debug|Any CPU
		{E2A81C1F-E5A8-49C1-B6BC-76E25B7506F7}.Debug|iPhone.ActiveCfg = Debug|Any CPU
		{E2A81C1F-E5A8-49C1-B6BC-76E25B7506F7}.Debug|iPhone.Build.0 = Debug|Any CPU
		{E2A81C1F-E5A8-49C1-B6BC-76E25B7506F7}.Debug|iPhoneSimulator.ActiveCfg = Debug|Any CPU
		{E2A81C1F-E5A8-49C1-B6BC-76E25B7506F7}.Debug|iPhoneSimulator.Build.0 = Debug|Any CPU
		{E2A81C1F-E5A8-49C1-B6BC-76E25B7506F7}.Debug|x64.ActiveCfg = Debug|Any CPU
		{E2A81C1F-E5A8-49C1-B6BC-76E25B7506F7}.Debug|x64.Build.0 = Debug|Any CPU
		{E2A81C1F-E5A8-49C1-B6BC-76E25B7506F7}.Debug|x86.ActiveCfg = Debug|Any CPU
		{E2A81C1F-E5A8-49C1-B6BC-76E25B7506F7}.Debug|x86.Build.0 = Debug|Any CPU
		{E2A81C1F-E5A8-49C1-B6BC-76E25B7506F7}.Release|Any CPU.ActiveCfg = Release|Any CPU
		{E2A81C1F-E5A8-49C1-B6BC-76E25B7506F7}.Release|Any CPU.Build.0 = Release|Any CPU
		{E2A81C1F-E5A8-49C1-B6BC-76E25B7506F7}.Release|ARM.ActiveCfg = Release|Any CPU
		{E2A81C1F-E5A8-49C1-B6BC-76E25B7506F7}.Release|ARM.Build.0 = Release|Any CPU
		{E2A81C1F-E5A8-49C1-B6BC-76E25B7506F7}.Release|iPhone.ActiveCfg = Release|Any CPU
		{E2A81C1F-E5A8-49C1-B6BC-76E25B7506F7}.Release|iPhone.Build.0 = Release|Any CPU
		{E2A81C1F-E5A8-49C1-B6BC-76E25B7506F7}.Release|iPhoneSimulator.ActiveCfg = Release|Any CPU
		{E2A81C1F-E5A8-49C1-B6BC-76E25B7506F7}.Release|iPhoneSimulator.Build.0 = Release|Any CPU
		{E2A81C1F-E5A8-49C1-B6BC-76E25B7506F7}.Release|x64.ActiveCfg = Release|Any CPU
		{E2A81C1F-E5A8-49C1-B6BC-76E25B7506F7}.Release|x64.Build.0 = Release|Any CPU
		{E2A81C1F-E5A8-49C1-B6BC-76E25B7506F7}.Release|x86.ActiveCfg = Release|Any CPU
		{E2A81C1F-E5A8-49C1-B6BC-76E25B7506F7}.Release|x86.Build.0 = Release|Any CPU
		{0ABEFD4A-644F-4385-B9FB-F36420C1E22D}.Debug|Any CPU.ActiveCfg = Debug|Any CPU
		{0ABEFD4A-644F-4385-B9FB-F36420C1E22D}.Debug|Any CPU.Build.0 = Debug|Any CPU
		{0ABEFD4A-644F-4385-B9FB-F36420C1E22D}.Debug|ARM.ActiveCfg = Debug|Any CPU
		{0ABEFD4A-644F-4385-B9FB-F36420C1E22D}.Debug|ARM.Build.0 = Debug|Any CPU
		{0ABEFD4A-644F-4385-B9FB-F36420C1E22D}.Debug|iPhone.ActiveCfg = Debug|Any CPU
		{0ABEFD4A-644F-4385-B9FB-F36420C1E22D}.Debug|iPhone.Build.0 = Debug|Any CPU
		{0ABEFD4A-644F-4385-B9FB-F36420C1E22D}.Debug|iPhoneSimulator.ActiveCfg = Debug|Any CPU
		{0ABEFD4A-644F-4385-B9FB-F36420C1E22D}.Debug|iPhoneSimulator.Build.0 = Debug|Any CPU
		{0ABEFD4A-644F-4385-B9FB-F36420C1E22D}.Debug|x64.ActiveCfg = Debug|Any CPU
		{0ABEFD4A-644F-4385-B9FB-F36420C1E22D}.Debug|x64.Build.0 = Debug|Any CPU
		{0ABEFD4A-644F-4385-B9FB-F36420C1E22D}.Debug|x86.ActiveCfg = Debug|Any CPU
		{0ABEFD4A-644F-4385-B9FB-F36420C1E22D}.Debug|x86.Build.0 = Debug|Any CPU
		{0ABEFD4A-644F-4385-B9FB-F36420C1E22D}.Release|Any CPU.ActiveCfg = Release|Any CPU
		{0ABEFD4A-644F-4385-B9FB-F36420C1E22D}.Release|Any CPU.Build.0 = Release|Any CPU
		{0ABEFD4A-644F-4385-B9FB-F36420C1E22D}.Release|ARM.ActiveCfg = Release|Any CPU
		{0ABEFD4A-644F-4385-B9FB-F36420C1E22D}.Release|ARM.Build.0 = Release|Any CPU
		{0ABEFD4A-644F-4385-B9FB-F36420C1E22D}.Release|iPhone.ActiveCfg = Release|Any CPU
		{0ABEFD4A-644F-4385-B9FB-F36420C1E22D}.Release|iPhone.Build.0 = Release|Any CPU
		{0ABEFD4A-644F-4385-B9FB-F36420C1E22D}.Release|iPhoneSimulator.ActiveCfg = Release|Any CPU
		{0ABEFD4A-644F-4385-B9FB-F36420C1E22D}.Release|iPhoneSimulator.Build.0 = Release|Any CPU
		{0ABEFD4A-644F-4385-B9FB-F36420C1E22D}.Release|x64.ActiveCfg = Release|Any CPU
		{0ABEFD4A-644F-4385-B9FB-F36420C1E22D}.Release|x64.Build.0 = Release|Any CPU
		{0ABEFD4A-644F-4385-B9FB-F36420C1E22D}.Release|x86.ActiveCfg = Release|Any CPU
		{0ABEFD4A-644F-4385-B9FB-F36420C1E22D}.Release|x86.Build.0 = Release|Any CPU
		{BD300C9C-D793-4953-ACE4-209C26F29EFA}.Debug|Any CPU.ActiveCfg = Debug|Any CPU
		{BD300C9C-D793-4953-ACE4-209C26F29EFA}.Debug|Any CPU.Build.0 = Debug|Any CPU
		{BD300C9C-D793-4953-ACE4-209C26F29EFA}.Debug|ARM.ActiveCfg = Debug|Any CPU
		{BD300C9C-D793-4953-ACE4-209C26F29EFA}.Debug|ARM.Build.0 = Debug|Any CPU
		{BD300C9C-D793-4953-ACE4-209C26F29EFA}.Debug|iPhone.ActiveCfg = Debug|Any CPU
		{BD300C9C-D793-4953-ACE4-209C26F29EFA}.Debug|iPhone.Build.0 = Debug|Any CPU
		{BD300C9C-D793-4953-ACE4-209C26F29EFA}.Debug|iPhoneSimulator.ActiveCfg = Debug|Any CPU
		{BD300C9C-D793-4953-ACE4-209C26F29EFA}.Debug|iPhoneSimulator.Build.0 = Debug|Any CPU
		{BD300C9C-D793-4953-ACE4-209C26F29EFA}.Debug|x64.ActiveCfg = Debug|Any CPU
		{BD300C9C-D793-4953-ACE4-209C26F29EFA}.Debug|x64.Build.0 = Debug|Any CPU
		{BD300C9C-D793-4953-ACE4-209C26F29EFA}.Debug|x86.ActiveCfg = Debug|Any CPU
		{BD300C9C-D793-4953-ACE4-209C26F29EFA}.Debug|x86.Build.0 = Debug|Any CPU
		{BD300C9C-D793-4953-ACE4-209C26F29EFA}.Release|Any CPU.ActiveCfg = Release|Any CPU
		{BD300C9C-D793-4953-ACE4-209C26F29EFA}.Release|Any CPU.Build.0 = Release|Any CPU
		{BD300C9C-D793-4953-ACE4-209C26F29EFA}.Release|ARM.ActiveCfg = Release|Any CPU
		{BD300C9C-D793-4953-ACE4-209C26F29EFA}.Release|ARM.Build.0 = Release|Any CPU
		{BD300C9C-D793-4953-ACE4-209C26F29EFA}.Release|iPhone.ActiveCfg = Release|Any CPU
		{BD300C9C-D793-4953-ACE4-209C26F29EFA}.Release|iPhone.Build.0 = Release|Any CPU
		{BD300C9C-D793-4953-ACE4-209C26F29EFA}.Release|iPhoneSimulator.ActiveCfg = Release|Any CPU
		{BD300C9C-D793-4953-ACE4-209C26F29EFA}.Release|iPhoneSimulator.Build.0 = Release|Any CPU
		{BD300C9C-D793-4953-ACE4-209C26F29EFA}.Release|x64.ActiveCfg = Release|Any CPU
		{BD300C9C-D793-4953-ACE4-209C26F29EFA}.Release|x64.Build.0 = Release|Any CPU
		{BD300C9C-D793-4953-ACE4-209C26F29EFA}.Release|x86.ActiveCfg = Release|Any CPU
		{BD300C9C-D793-4953-ACE4-209C26F29EFA}.Release|x86.Build.0 = Release|Any CPU
		{1B83EF5E-D5A3-4BB4-B6EA-A0F69F616C6A}.Debug|Any CPU.ActiveCfg = Debug|x86
		{1B83EF5E-D5A3-4BB4-B6EA-A0F69F616C6A}.Debug|ARM.ActiveCfg = Debug|ARM
		{1B83EF5E-D5A3-4BB4-B6EA-A0F69F616C6A}.Debug|ARM.Build.0 = Debug|ARM
		{1B83EF5E-D5A3-4BB4-B6EA-A0F69F616C6A}.Debug|ARM.Deploy.0 = Debug|ARM
		{1B83EF5E-D5A3-4BB4-B6EA-A0F69F616C6A}.Debug|iPhone.ActiveCfg = Debug|x86
		{1B83EF5E-D5A3-4BB4-B6EA-A0F69F616C6A}.Debug|iPhoneSimulator.ActiveCfg = Debug|x86
		{1B83EF5E-D5A3-4BB4-B6EA-A0F69F616C6A}.Debug|x64.ActiveCfg = Debug|x64
		{1B83EF5E-D5A3-4BB4-B6EA-A0F69F616C6A}.Debug|x64.Build.0 = Debug|x64
		{1B83EF5E-D5A3-4BB4-B6EA-A0F69F616C6A}.Debug|x64.Deploy.0 = Debug|x64
		{1B83EF5E-D5A3-4BB4-B6EA-A0F69F616C6A}.Debug|x86.ActiveCfg = Debug|x86
		{1B83EF5E-D5A3-4BB4-B6EA-A0F69F616C6A}.Debug|x86.Build.0 = Debug|x86
		{1B83EF5E-D5A3-4BB4-B6EA-A0F69F616C6A}.Debug|x86.Deploy.0 = Debug|x86
		{1B83EF5E-D5A3-4BB4-B6EA-A0F69F616C6A}.Release|Any CPU.ActiveCfg = Release|x86
		{1B83EF5E-D5A3-4BB4-B6EA-A0F69F616C6A}.Release|ARM.ActiveCfg = Release|ARM
		{1B83EF5E-D5A3-4BB4-B6EA-A0F69F616C6A}.Release|ARM.Build.0 = Release|ARM
		{1B83EF5E-D5A3-4BB4-B6EA-A0F69F616C6A}.Release|ARM.Deploy.0 = Release|ARM
		{1B83EF5E-D5A3-4BB4-B6EA-A0F69F616C6A}.Release|iPhone.ActiveCfg = Release|x86
		{1B83EF5E-D5A3-4BB4-B6EA-A0F69F616C6A}.Release|iPhoneSimulator.ActiveCfg = Release|x86
		{1B83EF5E-D5A3-4BB4-B6EA-A0F69F616C6A}.Release|x64.ActiveCfg = Release|x64
		{1B83EF5E-D5A3-4BB4-B6EA-A0F69F616C6A}.Release|x64.Build.0 = Release|x64
		{1B83EF5E-D5A3-4BB4-B6EA-A0F69F616C6A}.Release|x64.Deploy.0 = Release|x64
		{1B83EF5E-D5A3-4BB4-B6EA-A0F69F616C6A}.Release|x86.ActiveCfg = Release|x86
		{1B83EF5E-D5A3-4BB4-B6EA-A0F69F616C6A}.Release|x86.Build.0 = Release|x86
		{1B83EF5E-D5A3-4BB4-B6EA-A0F69F616C6A}.Release|x86.Deploy.0 = Release|x86
		{22141F33-D8BF-4DB5-94FB-042888639FBB}.Debug|Any CPU.ActiveCfg = Debug|Any CPU
		{22141F33-D8BF-4DB5-94FB-042888639FBB}.Debug|Any CPU.Build.0 = Debug|Any CPU
		{22141F33-D8BF-4DB5-94FB-042888639FBB}.Debug|Any CPU.Deploy.0 = Debug|Any CPU
		{22141F33-D8BF-4DB5-94FB-042888639FBB}.Debug|ARM.ActiveCfg = Debug|Any CPU
		{22141F33-D8BF-4DB5-94FB-042888639FBB}.Debug|ARM.Build.0 = Debug|Any CPU
		{22141F33-D8BF-4DB5-94FB-042888639FBB}.Debug|ARM.Deploy.0 = Debug|Any CPU
		{22141F33-D8BF-4DB5-94FB-042888639FBB}.Debug|iPhone.ActiveCfg = Debug|Any CPU
		{22141F33-D8BF-4DB5-94FB-042888639FBB}.Debug|iPhone.Build.0 = Debug|Any CPU
		{22141F33-D8BF-4DB5-94FB-042888639FBB}.Debug|iPhone.Deploy.0 = Debug|Any CPU
		{22141F33-D8BF-4DB5-94FB-042888639FBB}.Debug|iPhoneSimulator.ActiveCfg = Debug|Any CPU
		{22141F33-D8BF-4DB5-94FB-042888639FBB}.Debug|iPhoneSimulator.Build.0 = Debug|Any CPU
		{22141F33-D8BF-4DB5-94FB-042888639FBB}.Debug|iPhoneSimulator.Deploy.0 = Debug|Any CPU
		{22141F33-D8BF-4DB5-94FB-042888639FBB}.Debug|x64.ActiveCfg = Debug|Any CPU
		{22141F33-D8BF-4DB5-94FB-042888639FBB}.Debug|x64.Build.0 = Debug|Any CPU
		{22141F33-D8BF-4DB5-94FB-042888639FBB}.Debug|x64.Deploy.0 = Debug|Any CPU
		{22141F33-D8BF-4DB5-94FB-042888639FBB}.Debug|x86.ActiveCfg = Debug|Any CPU
		{22141F33-D8BF-4DB5-94FB-042888639FBB}.Debug|x86.Build.0 = Debug|Any CPU
		{22141F33-D8BF-4DB5-94FB-042888639FBB}.Debug|x86.Deploy.0 = Debug|Any CPU
		{22141F33-D8BF-4DB5-94FB-042888639FBB}.Release|Any CPU.ActiveCfg = Release|Any CPU
		{22141F33-D8BF-4DB5-94FB-042888639FBB}.Release|Any CPU.Build.0 = Release|Any CPU
		{22141F33-D8BF-4DB5-94FB-042888639FBB}.Release|Any CPU.Deploy.0 = Release|Any CPU
		{22141F33-D8BF-4DB5-94FB-042888639FBB}.Release|ARM.ActiveCfg = Release|Any CPU
		{22141F33-D8BF-4DB5-94FB-042888639FBB}.Release|ARM.Build.0 = Release|Any CPU
		{22141F33-D8BF-4DB5-94FB-042888639FBB}.Release|ARM.Deploy.0 = Release|Any CPU
		{22141F33-D8BF-4DB5-94FB-042888639FBB}.Release|iPhone.ActiveCfg = Release|Any CPU
		{22141F33-D8BF-4DB5-94FB-042888639FBB}.Release|iPhone.Build.0 = Release|Any CPU
		{22141F33-D8BF-4DB5-94FB-042888639FBB}.Release|iPhone.Deploy.0 = Release|Any CPU
		{22141F33-D8BF-4DB5-94FB-042888639FBB}.Release|iPhoneSimulator.ActiveCfg = Release|Any CPU
		{22141F33-D8BF-4DB5-94FB-042888639FBB}.Release|iPhoneSimulator.Build.0 = Release|Any CPU
		{22141F33-D8BF-4DB5-94FB-042888639FBB}.Release|iPhoneSimulator.Deploy.0 = Release|Any CPU
		{22141F33-D8BF-4DB5-94FB-042888639FBB}.Release|x64.ActiveCfg = Release|Any CPU
		{22141F33-D8BF-4DB5-94FB-042888639FBB}.Release|x64.Build.0 = Release|Any CPU
		{22141F33-D8BF-4DB5-94FB-042888639FBB}.Release|x64.Deploy.0 = Release|Any CPU
		{22141F33-D8BF-4DB5-94FB-042888639FBB}.Release|x86.ActiveCfg = Release|Any CPU
		{22141F33-D8BF-4DB5-94FB-042888639FBB}.Release|x86.Build.0 = Release|Any CPU
		{22141F33-D8BF-4DB5-94FB-042888639FBB}.Release|x86.Deploy.0 = Release|Any CPU
		{16774291-D05B-45A7-9EF5-E8806A2ADB07}.Debug|Any CPU.ActiveCfg = Debug|iPhone
		{16774291-D05B-45A7-9EF5-E8806A2ADB07}.Debug|ARM.ActiveCfg = Debug|iPhone
		{16774291-D05B-45A7-9EF5-E8806A2ADB07}.Debug|iPhone.ActiveCfg = Debug|iPhone
		{16774291-D05B-45A7-9EF5-E8806A2ADB07}.Debug|iPhone.Build.0 = Debug|iPhone
		{16774291-D05B-45A7-9EF5-E8806A2ADB07}.Debug|iPhoneSimulator.ActiveCfg = Debug|iPhoneSimulator
		{16774291-D05B-45A7-9EF5-E8806A2ADB07}.Debug|iPhoneSimulator.Build.0 = Debug|iPhoneSimulator
		{16774291-D05B-45A7-9EF5-E8806A2ADB07}.Debug|x64.ActiveCfg = Debug|iPhone
		{16774291-D05B-45A7-9EF5-E8806A2ADB07}.Debug|x86.ActiveCfg = Debug|iPhone
		{16774291-D05B-45A7-9EF5-E8806A2ADB07}.Release|Any CPU.ActiveCfg = Release|iPhone
		{16774291-D05B-45A7-9EF5-E8806A2ADB07}.Release|ARM.ActiveCfg = Release|iPhone
		{16774291-D05B-45A7-9EF5-E8806A2ADB07}.Release|iPhone.ActiveCfg = Release|iPhone
		{16774291-D05B-45A7-9EF5-E8806A2ADB07}.Release|iPhone.Build.0 = Release|iPhone
		{16774291-D05B-45A7-9EF5-E8806A2ADB07}.Release|iPhoneSimulator.ActiveCfg = Release|iPhoneSimulator
		{16774291-D05B-45A7-9EF5-E8806A2ADB07}.Release|iPhoneSimulator.Build.0 = Release|iPhoneSimulator
		{16774291-D05B-45A7-9EF5-E8806A2ADB07}.Release|x64.ActiveCfg = Release|iPhone
		{16774291-D05B-45A7-9EF5-E8806A2ADB07}.Release|x86.ActiveCfg = Release|iPhone
		{F2C03A52-2018-4211-B9C3-7181E8801ADB}.Debug|Any CPU.ActiveCfg = Debug|Any CPU
		{F2C03A52-2018-4211-B9C3-7181E8801ADB}.Debug|Any CPU.Build.0 = Debug|Any CPU
		{F2C03A52-2018-4211-B9C3-7181E8801ADB}.Debug|ARM.ActiveCfg = Debug|Any CPU
		{F2C03A52-2018-4211-B9C3-7181E8801ADB}.Debug|ARM.Build.0 = Debug|Any CPU
		{F2C03A52-2018-4211-B9C3-7181E8801ADB}.Debug|iPhone.ActiveCfg = Debug|Any CPU
		{F2C03A52-2018-4211-B9C3-7181E8801ADB}.Debug|iPhone.Build.0 = Debug|Any CPU
		{F2C03A52-2018-4211-B9C3-7181E8801ADB}.Debug|iPhoneSimulator.ActiveCfg = Debug|Any CPU
		{F2C03A52-2018-4211-B9C3-7181E8801ADB}.Debug|iPhoneSimulator.Build.0 = Debug|Any CPU
		{F2C03A52-2018-4211-B9C3-7181E8801ADB}.Debug|x64.ActiveCfg = Debug|Any CPU
		{F2C03A52-2018-4211-B9C3-7181E8801ADB}.Debug|x64.Build.0 = Debug|Any CPU
		{F2C03A52-2018-4211-B9C3-7181E8801ADB}.Debug|x86.ActiveCfg = Debug|Any CPU
		{F2C03A52-2018-4211-B9C3-7181E8801ADB}.Debug|x86.Build.0 = Debug|Any CPU
		{F2C03A52-2018-4211-B9C3-7181E8801ADB}.Release|Any CPU.ActiveCfg = Release|Any CPU
		{F2C03A52-2018-4211-B9C3-7181E8801ADB}.Release|Any CPU.Build.0 = Release|Any CPU
		{F2C03A52-2018-4211-B9C3-7181E8801ADB}.Release|ARM.ActiveCfg = Release|Any CPU
		{F2C03A52-2018-4211-B9C3-7181E8801ADB}.Release|ARM.Build.0 = Release|Any CPU
		{F2C03A52-2018-4211-B9C3-7181E8801ADB}.Release|iPhone.ActiveCfg = Release|Any CPU
		{F2C03A52-2018-4211-B9C3-7181E8801ADB}.Release|iPhone.Build.0 = Release|Any CPU
		{F2C03A52-2018-4211-B9C3-7181E8801ADB}.Release|iPhoneSimulator.ActiveCfg = Release|Any CPU
		{F2C03A52-2018-4211-B9C3-7181E8801ADB}.Release|iPhoneSimulator.Build.0 = Release|Any CPU
		{F2C03A52-2018-4211-B9C3-7181E8801ADB}.Release|x64.ActiveCfg = Release|Any CPU
		{F2C03A52-2018-4211-B9C3-7181E8801ADB}.Release|x64.Build.0 = Release|Any CPU
		{F2C03A52-2018-4211-B9C3-7181E8801ADB}.Release|x86.ActiveCfg = Release|Any CPU
		{F2C03A52-2018-4211-B9C3-7181E8801ADB}.Release|x86.Build.0 = Release|Any CPU
	EndGlobalSection
	GlobalSection(SolutionProperties) = preSolution
		HideSolutionNode = FALSE
	EndGlobalSection
	GlobalSection(NestedProjects) = preSolution
		{B7E2A305-7F5A-439F-98EF-D8790F2DF70F} = {E9685256-7B28-45C5-AB0E-72C2EC658FA0}
		{FC91FD5C-93B2-4524-BBA7-1D86658D2F9C} = {E9685256-7B28-45C5-AB0E-72C2EC658FA0}
		{8C98656A-CC35-4BE8-9AC8-751A03B44FD9} = {E9685256-7B28-45C5-AB0E-72C2EC658FA0}
		{ABDD1BD0-C7D4-4B55-8E28-E4BA5CC8D67E} = {E9685256-7B28-45C5-AB0E-72C2EC658FA0}
		{3D278F9A-8DBB-437E-8A3E-CA2851E0568E} = {E9685256-7B28-45C5-AB0E-72C2EC658FA0}
		{6D33C4AC-5636-4151-9CB7-CE63A27FD73D} = {E9685256-7B28-45C5-AB0E-72C2EC658FA0}
		{4BC054AF-E2BE-45C6-8517-155E2493EAA5} = {E9685256-7B28-45C5-AB0E-72C2EC658FA0}
		{CB612687-1532-4D0B-99D4-E73C6792CC78} = {E9685256-7B28-45C5-AB0E-72C2EC658FA0}
		{9A5FC788-29C0-4BA4-9122-DECD4E4F50A3} = {E9685256-7B28-45C5-AB0E-72C2EC658FA0}
		{0226F45A-E616-47A1-9924-6198C33426D5} = {E9685256-7B28-45C5-AB0E-72C2EC658FA0}
		{B8BA6A0E-A2CA-4C9D-82E7-EC6FF76768A7} = {E9685256-7B28-45C5-AB0E-72C2EC658FA0}
		{0D4B34A8-A570-4A01-B9D5-595C4CD7E8D9} = {E9685256-7B28-45C5-AB0E-72C2EC658FA0}
		{6F1155E6-9CC5-46C4-B80C-0565F4888986} = {E9685256-7B28-45C5-AB0E-72C2EC658FA0}
		{13B98A8A-027C-44AA-9288-44FDC6EF26E7} = {E9685256-7B28-45C5-AB0E-72C2EC658FA0}
		{AA6E4DF5-0299-4DA5-9139-7AE760F3DF2B} = {E9685256-7B28-45C5-AB0E-72C2EC658FA0}
		{E2A81C1F-E5A8-49C1-B6BC-76E25B7506F7} = {E9685256-7B28-45C5-AB0E-72C2EC658FA0}
		{0ABEFD4A-644F-4385-B9FB-F36420C1E22D} = {E9685256-7B28-45C5-AB0E-72C2EC658FA0}
		{BD300C9C-D793-4953-ACE4-209C26F29EFA} = {E9685256-7B28-45C5-AB0E-72C2EC658FA0}
		{1B83EF5E-D5A3-4BB4-B6EA-A0F69F616C6A} = {A2214041-AAA5-40FF-8DDE-2EE00C3F4755}
		{22141F33-D8BF-4DB5-94FB-042888639FBB} = {A2214041-AAA5-40FF-8DDE-2EE00C3F4755}
		{16774291-D05B-45A7-9EF5-E8806A2ADB07} = {A2214041-AAA5-40FF-8DDE-2EE00C3F4755}
		{F2C03A52-2018-4211-B9C3-7181E8801ADB} = {A2214041-AAA5-40FF-8DDE-2EE00C3F4755}
	EndGlobalSection
	GlobalSection(ExtensibilityGlobals) = postSolution
		SolutionGuid = {FBA5D2E9-68F7-4988-A4B4-37630F0445B9}
	EndGlobalSection
EndGlobal
