
Microsoft Visual Studio Solution File, Format Version 12.00
# Visual Studio Version 16
VisualStudioVersion = 16.0.29409.12
MinimumVisualStudioVersion = 10.0.40219.1
Project("{2150E333-8FDC-42A3-9474-1A3956D46DE8}") = "Default_Forms", "Default_Forms", "{E9685256-7B28-45C5-AB0E-72C2EC658FA0}"
EndProject
Project("{2150E333-8FDC-42A3-9474-1A3956D46DE8}") = "Default_Android", "Default_Android", "{A77F8743-7E86-4E77-AC55-39C5A9AC8E44}"
EndProject
Project("{2150E333-8FDC-42A3-9474-1A3956D46DE8}") = "Default_iOs", "Default_iOs", "{E7EF9591-3E34-43F4-BB2C-C5CE7E60B20F}"
EndProject
Project("{2150E333-8FDC-42A3-9474-1A3956D46DE8}") = "Default_Uwp", "Default_Uwp", "{DEDBF203-FCC6-40A7-A708-2A2E06C6E0DA}"
EndProject
Project("{FAE04EC0-301F-11D3-BF4B-00C04F79EFBC}") = "App_DevResources", "src\App_DevResources\App_DevResources.csproj", "{F01B5B2C-E13B-4AB5-A758-982F0AC3E349}"
EndProject
Project("{FAE04EC0-301F-11D3-BF4B-00C04F79EFBC}") = "Default_XamarinForms_MasterDetail.UWP", "src\Xamarin.Forms.Samples\Default_XamarinForms_MasterDetail\Default_XamarinForms_MasterDetail.UWP\Default_XamarinForms_MasterDetail.UWP.csproj", "{6E0ACC06-E1B9-45AD-AA71-320639F78F7F}"
EndProject
Project("{FAE04EC0-301F-11D3-BF4B-00C04F79EFBC}") = "Default_XamarinForms_MasterDetail.Android", "src\Xamarin.Forms.Samples\Default_XamarinForms_MasterDetail\Default_XamarinForms_MasterDetail.Android\Default_XamarinForms_MasterDetail.Android.csproj", "{3C585C9F-249F-489E-93DE-B11ED8081CA3}"
EndProject
Project("{FAE04EC0-301F-11D3-BF4B-00C04F79EFBC}") = "Default_XamarinForms_MasterDetail.iOS", "src\Xamarin.Forms.Samples\Default_XamarinForms_MasterDetail\Default_XamarinForms_MasterDetail.iOS\Default_XamarinForms_MasterDetail.iOS.csproj", "{F0668675-97FB-4861-ADC9-0D4A34608092}"
EndProject
Project("{FAE04EC0-301F-11D3-BF4B-00C04F79EFBC}") = "Default_XamarinForms_MasterDetail", "src\Xamarin.Forms.Samples\Default_XamarinForms_MasterDetail\Default_XamarinForms_MasterDetail\Default_XamarinForms_MasterDetail.csproj", "{C0A049CB-8EB7-46B1-B52C-402D36CE6905}"
EndProject
Global
	GlobalSection(SolutionConfigurationPlatforms) = preSolution
		Debug|Any CPU = Debug|Any CPU
		Debug|ARM = Debug|ARM
		Debug|iPhone = Debug|iPhone
		Debug|iPhoneSimulator = Debug|iPhoneSimulator
		Debug|x64 = Debug|x64
		Debug|x86 = Debug|x86
		Release|Any CPU = Release|Any CPU
		Release|ARM = Release|ARM
		Release|iPhone = Release|iPhone
		Release|iPhoneSimulator = Release|iPhoneSimulator
		Release|x64 = Release|x64
		Release|x86 = Release|x86
	EndGlobalSection
	GlobalSection(ProjectConfigurationPlatforms) = postSolution
		{F01B5B2C-E13B-4AB5-A758-982F0AC3E349}.Debug|Any CPU.ActiveCfg = Debug|Any CPU
		{F01B5B2C-E13B-4AB5-A758-982F0AC3E349}.Debug|Any CPU.Build.0 = Debug|Any CPU
		{F01B5B2C-E13B-4AB5-A758-982F0AC3E349}.Debug|ARM.ActiveCfg = Debug|Any CPU
		{F01B5B2C-E13B-4AB5-A758-982F0AC3E349}.Debug|ARM.Build.0 = Debug|Any CPU
		{F01B5B2C-E13B-4AB5-A758-982F0AC3E349}.Debug|iPhone.ActiveCfg = Debug|Any CPU
		{F01B5B2C-E13B-4AB5-A758-982F0AC3E349}.Debug|iPhone.Build.0 = Debug|Any CPU
		{F01B5B2C-E13B-4AB5-A758-982F0AC3E349}.Debug|iPhoneSimulator.ActiveCfg = Debug|Any CPU
		{F01B5B2C-E13B-4AB5-A758-982F0AC3E349}.Debug|iPhoneSimulator.Build.0 = Debug|Any CPU
		{F01B5B2C-E13B-4AB5-A758-982F0AC3E349}.Debug|x64.ActiveCfg = Debug|Any CPU
		{F01B5B2C-E13B-4AB5-A758-982F0AC3E349}.Debug|x64.Build.0 = Debug|Any CPU
		{F01B5B2C-E13B-4AB5-A758-982F0AC3E349}.Debug|x86.ActiveCfg = Debug|Any CPU
		{F01B5B2C-E13B-4AB5-A758-982F0AC3E349}.Debug|x86.Build.0 = Debug|Any CPU
		{F01B5B2C-E13B-4AB5-A758-982F0AC3E349}.Release|Any CPU.ActiveCfg = Release|Any CPU
		{F01B5B2C-E13B-4AB5-A758-982F0AC3E349}.Release|Any CPU.Build.0 = Release|Any CPU
		{F01B5B2C-E13B-4AB5-A758-982F0AC3E349}.Release|ARM.ActiveCfg = Release|Any CPU
		{F01B5B2C-E13B-4AB5-A758-982F0AC3E349}.Release|ARM.Build.0 = Release|Any CPU
		{F01B5B2C-E13B-4AB5-A758-982F0AC3E349}.Release|iPhone.ActiveCfg = Release|Any CPU
		{F01B5B2C-E13B-4AB5-A758-982F0AC3E349}.Release|iPhone.Build.0 = Release|Any CPU
		{F01B5B2C-E13B-4AB5-A758-982F0AC3E349}.Release|iPhoneSimulator.ActiveCfg = Release|Any CPU
		{F01B5B2C-E13B-4AB5-A758-982F0AC3E349}.Release|iPhoneSimulator.Build.0 = Release|Any CPU
		{F01B5B2C-E13B-4AB5-A758-982F0AC3E349}.Release|x64.ActiveCfg = Release|Any CPU
		{F01B5B2C-E13B-4AB5-A758-982F0AC3E349}.Release|x64.Build.0 = Release|Any CPU
		{F01B5B2C-E13B-4AB5-A758-982F0AC3E349}.Release|x86.ActiveCfg = Release|Any CPU
		{F01B5B2C-E13B-4AB5-A758-982F0AC3E349}.Release|x86.Build.0 = Release|Any CPU
		{6E0ACC06-E1B9-45AD-AA71-320639F78F7F}.Debug|Any CPU.ActiveCfg = Debug|x86
		{6E0ACC06-E1B9-45AD-AA71-320639F78F7F}.Debug|ARM.ActiveCfg = Debug|ARM
		{6E0ACC06-E1B9-45AD-AA71-320639F78F7F}.Debug|ARM.Build.0 = Debug|ARM
		{6E0ACC06-E1B9-45AD-AA71-320639F78F7F}.Debug|ARM.Deploy.0 = Debug|ARM
		{6E0ACC06-E1B9-45AD-AA71-320639F78F7F}.Debug|iPhone.ActiveCfg = Debug|x86
		{6E0ACC06-E1B9-45AD-AA71-320639F78F7F}.Debug|iPhoneSimulator.ActiveCfg = Debug|x86
		{6E0ACC06-E1B9-45AD-AA71-320639F78F7F}.Debug|x64.ActiveCfg = Debug|x64
		{6E0ACC06-E1B9-45AD-AA71-320639F78F7F}.Debug|x64.Build.0 = Debug|x64
		{6E0ACC06-E1B9-45AD-AA71-320639F78F7F}.Debug|x64.Deploy.0 = Debug|x64
		{6E0ACC06-E1B9-45AD-AA71-320639F78F7F}.Debug|x86.ActiveCfg = Debug|x86
		{6E0ACC06-E1B9-45AD-AA71-320639F78F7F}.Debug|x86.Build.0 = Debug|x86
		{6E0ACC06-E1B9-45AD-AA71-320639F78F7F}.Debug|x86.Deploy.0 = Debug|x86
		{6E0ACC06-E1B9-45AD-AA71-320639F78F7F}.Release|Any CPU.ActiveCfg = Release|x86
		{6E0ACC06-E1B9-45AD-AA71-320639F78F7F}.Release|ARM.ActiveCfg = Release|ARM
		{6E0ACC06-E1B9-45AD-AA71-320639F78F7F}.Release|ARM.Build.0 = Release|ARM
		{6E0ACC06-E1B9-45AD-AA71-320639F78F7F}.Release|ARM.Deploy.0 = Release|ARM
		{6E0ACC06-E1B9-45AD-AA71-320639F78F7F}.Release|iPhone.ActiveCfg = Release|x86
		{6E0ACC06-E1B9-45AD-AA71-320639F78F7F}.Release|iPhoneSimulator.ActiveCfg = Release|x86
		{6E0ACC06-E1B9-45AD-AA71-320639F78F7F}.Release|x64.ActiveCfg = Release|x64
		{6E0ACC06-E1B9-45AD-AA71-320639F78F7F}.Release|x64.Build.0 = Release|x64
		{6E0ACC06-E1B9-45AD-AA71-320639F78F7F}.Release|x64.Deploy.0 = Release|x64
		{6E0ACC06-E1B9-45AD-AA71-320639F78F7F}.Release|x86.ActiveCfg = Release|x86
		{6E0ACC06-E1B9-45AD-AA71-320639F78F7F}.Release|x86.Build.0 = Release|x86
		{6E0ACC06-E1B9-45AD-AA71-320639F78F7F}.Release|x86.Deploy.0 = Release|x86
		{3C585C9F-249F-489E-93DE-B11ED8081CA3}.Debug|Any CPU.ActiveCfg = Debug|Any CPU
		{3C585C9F-249F-489E-93DE-B11ED8081CA3}.Debug|Any CPU.Build.0 = Debug|Any CPU
		{3C585C9F-249F-489E-93DE-B11ED8081CA3}.Debug|Any CPU.Deploy.0 = Debug|Any CPU
		{3C585C9F-249F-489E-93DE-B11ED8081CA3}.Debug|ARM.ActiveCfg = Debug|Any CPU
		{3C585C9F-249F-489E-93DE-B11ED8081CA3}.Debug|ARM.Build.0 = Debug|Any CPU
		{3C585C9F-249F-489E-93DE-B11ED8081CA3}.Debug|ARM.Deploy.0 = Debug|Any CPU
		{3C585C9F-249F-489E-93DE-B11ED8081CA3}.Debug|iPhone.ActiveCfg = Debug|Any CPU
		{3C585C9F-249F-489E-93DE-B11ED8081CA3}.Debug|iPhone.Build.0 = Debug|Any CPU
		{3C585C9F-249F-489E-93DE-B11ED8081CA3}.Debug|iPhone.Deploy.0 = Debug|Any CPU
		{3C585C9F-249F-489E-93DE-B11ED8081CA3}.Debug|iPhoneSimulator.ActiveCfg = Debug|Any CPU
		{3C585C9F-249F-489E-93DE-B11ED8081CA3}.Debug|iPhoneSimulator.Build.0 = Debug|Any CPU
		{3C585C9F-249F-489E-93DE-B11ED8081CA3}.Debug|iPhoneSimulator.Deploy.0 = Debug|Any CPU
		{3C585C9F-249F-489E-93DE-B11ED8081CA3}.Debug|x64.ActiveCfg = Debug|Any CPU
		{3C585C9F-249F-489E-93DE-B11ED8081CA3}.Debug|x64.Build.0 = Debug|Any CPU
		{3C585C9F-249F-489E-93DE-B11ED8081CA3}.Debug|x64.Deploy.0 = Debug|Any CPU
		{3C585C9F-249F-489E-93DE-B11ED8081CA3}.Debug|x86.ActiveCfg = Debug|Any CPU
		{3C585C9F-249F-489E-93DE-B11ED8081CA3}.Debug|x86.Build.0 = Debug|Any CPU
		{3C585C9F-249F-489E-93DE-B11ED8081CA3}.Debug|x86.Deploy.0 = Debug|Any CPU
		{3C585C9F-249F-489E-93DE-B11ED8081CA3}.Release|Any CPU.ActiveCfg = Release|Any CPU
		{3C585C9F-249F-489E-93DE-B11ED8081CA3}.Release|Any CPU.Build.0 = Release|Any CPU
		{3C585C9F-249F-489E-93DE-B11ED8081CA3}.Release|Any CPU.Deploy.0 = Release|Any CPU
		{3C585C9F-249F-489E-93DE-B11ED8081CA3}.Release|ARM.ActiveCfg = Release|Any CPU
		{3C585C9F-249F-489E-93DE-B11ED8081CA3}.Release|ARM.Build.0 = Release|Any CPU
		{3C585C9F-249F-489E-93DE-B11ED8081CA3}.Release|ARM.Deploy.0 = Release|Any CPU
		{3C585C9F-249F-489E-93DE-B11ED8081CA3}.Release|iPhone.ActiveCfg = Release|Any CPU
		{3C585C9F-249F-489E-93DE-B11ED8081CA3}.Release|iPhone.Build.0 = Release|Any CPU
		{3C585C9F-249F-489E-93DE-B11ED8081CA3}.Release|iPhone.Deploy.0 = Release|Any CPU
		{3C585C9F-249F-489E-93DE-B11ED8081CA3}.Release|iPhoneSimulator.ActiveCfg = Release|Any CPU
		{3C585C9F-249F-489E-93DE-B11ED8081CA3}.Release|iPhoneSimulator.Build.0 = Release|Any CPU
		{3C585C9F-249F-489E-93DE-B11ED8081CA3}.Release|iPhoneSimulator.Deploy.0 = Release|Any CPU
		{3C585C9F-249F-489E-93DE-B11ED8081CA3}.Release|x64.ActiveCfg = Release|Any CPU
		{3C585C9F-249F-489E-93DE-B11ED8081CA3}.Release|x64.Build.0 = Release|Any CPU
		{3C585C9F-249F-489E-93DE-B11ED8081CA3}.Release|x64.Deploy.0 = Release|Any CPU
		{3C585C9F-249F-489E-93DE-B11ED8081CA3}.Release|x86.ActiveCfg = Release|Any CPU
		{3C585C9F-249F-489E-93DE-B11ED8081CA3}.Release|x86.Build.0 = Release|Any CPU
		{3C585C9F-249F-489E-93DE-B11ED8081CA3}.Release|x86.Deploy.0 = Release|Any CPU
		{F0668675-97FB-4861-ADC9-0D4A34608092}.Debug|Any CPU.ActiveCfg = Debug|iPhone
		{F0668675-97FB-4861-ADC9-0D4A34608092}.Debug|ARM.ActiveCfg = Debug|iPhone
		{F0668675-97FB-4861-ADC9-0D4A34608092}.Debug|iPhone.ActiveCfg = Debug|iPhone
		{F0668675-97FB-4861-ADC9-0D4A34608092}.Debug|iPhone.Build.0 = Debug|iPhone
		{F0668675-97FB-4861-ADC9-0D4A34608092}.Debug|iPhoneSimulator.ActiveCfg = Debug|iPhoneSimulator
		{F0668675-97FB-4861-ADC9-0D4A34608092}.Debug|iPhoneSimulator.Build.0 = Debug|iPhoneSimulator
		{F0668675-97FB-4861-ADC9-0D4A34608092}.Debug|x64.ActiveCfg = Debug|iPhone
		{F0668675-97FB-4861-ADC9-0D4A34608092}.Debug|x86.ActiveCfg = Debug|iPhone
		{F0668675-97FB-4861-ADC9-0D4A34608092}.Release|Any CPU.ActiveCfg = Release|iPhone
		{F0668675-97FB-4861-ADC9-0D4A34608092}.Release|ARM.ActiveCfg = Release|iPhone
		{F0668675-97FB-4861-ADC9-0D4A34608092}.Release|iPhone.ActiveCfg = Release|iPhone
		{F0668675-97FB-4861-ADC9-0D4A34608092}.Release|iPhone.Build.0 = Release|iPhone
		{F0668675-97FB-4861-ADC9-0D4A34608092}.Release|iPhoneSimulator.ActiveCfg = Release|iPhoneSimulator
		{F0668675-97FB-4861-ADC9-0D4A34608092}.Release|iPhoneSimulator.Build.0 = Release|iPhoneSimulator
		{F0668675-97FB-4861-ADC9-0D4A34608092}.Release|x64.ActiveCfg = Release|iPhone
		{F0668675-97FB-4861-ADC9-0D4A34608092}.Release|x86.ActiveCfg = Release|iPhone
		{C0A049CB-8EB7-46B1-B52C-402D36CE6905}.Debug|Any CPU.ActiveCfg = Debug|Any CPU
		{C0A049CB-8EB7-46B1-B52C-402D36CE6905}.Debug|Any CPU.Build.0 = Debug|Any CPU
		{C0A049CB-8EB7-46B1-B52C-402D36CE6905}.Debug|ARM.ActiveCfg = Debug|Any CPU
		{C0A049CB-8EB7-46B1-B52C-402D36CE6905}.Debug|ARM.Build.0 = Debug|Any CPU
		{C0A049CB-8EB7-46B1-B52C-402D36CE6905}.Debug|iPhone.ActiveCfg = Debug|Any CPU
		{C0A049CB-8EB7-46B1-B52C-402D36CE6905}.Debug|iPhone.Build.0 = Debug|Any CPU
		{C0A049CB-8EB7-46B1-B52C-402D36CE6905}.Debug|iPhoneSimulator.ActiveCfg = Debug|Any CPU
		{C0A049CB-8EB7-46B1-B52C-402D36CE6905}.Debug|iPhoneSimulator.Build.0 = Debug|Any CPU
		{C0A049CB-8EB7-46B1-B52C-402D36CE6905}.Debug|x64.ActiveCfg = Debug|Any CPU
		{C0A049CB-8EB7-46B1-B52C-402D36CE6905}.Debug|x64.Build.0 = Debug|Any CPU
		{C0A049CB-8EB7-46B1-B52C-402D36CE6905}.Debug|x86.ActiveCfg = Debug|Any CPU
		{C0A049CB-8EB7-46B1-B52C-402D36CE6905}.Debug|x86.Build.0 = Debug|Any CPU
		{C0A049CB-8EB7-46B1-B52C-402D36CE6905}.Release|Any CPU.ActiveCfg = Release|Any CPU
		{C0A049CB-8EB7-46B1-B52C-402D36CE6905}.Release|Any CPU.Build.0 = Release|Any CPU
		{C0A049CB-8EB7-46B1-B52C-402D36CE6905}.Release|ARM.ActiveCfg = Release|Any CPU
		{C0A049CB-8EB7-46B1-B52C-402D36CE6905}.Release|ARM.Build.0 = Release|Any CPU
		{C0A049CB-8EB7-46B1-B52C-402D36CE6905}.Release|iPhone.ActiveCfg = Release|Any CPU
		{C0A049CB-8EB7-46B1-B52C-402D36CE6905}.Release|iPhone.Build.0 = Release|Any CPU
		{C0A049CB-8EB7-46B1-B52C-402D36CE6905}.Release|iPhoneSimulator.ActiveCfg = Release|Any CPU
		{C0A049CB-8EB7-46B1-B52C-402D36CE6905}.Release|iPhoneSimulator.Build.0 = Release|Any CPU
		{C0A049CB-8EB7-46B1-B52C-402D36CE6905}.Release|x64.ActiveCfg = Release|Any CPU
		{C0A049CB-8EB7-46B1-B52C-402D36CE6905}.Release|x64.Build.0 = Release|Any CPU
		{C0A049CB-8EB7-46B1-B52C-402D36CE6905}.Release|x86.ActiveCfg = Release|Any CPU
		{C0A049CB-8EB7-46B1-B52C-402D36CE6905}.Release|x86.Build.0 = Release|Any CPU
	EndGlobalSection
	GlobalSection(SolutionProperties) = preSolution
		HideSolutionNode = FALSE
	EndGlobalSection
	GlobalSection(NestedProjects) = preSolution
		{6E0ACC06-E1B9-45AD-AA71-320639F78F7F} = {E9685256-7B28-45C5-AB0E-72C2EC658FA0}
		{3C585C9F-249F-489E-93DE-B11ED8081CA3} = {E9685256-7B28-45C5-AB0E-72C2EC658FA0}
		{F0668675-97FB-4861-ADC9-0D4A34608092} = {E9685256-7B28-45C5-AB0E-72C2EC658FA0}
		{C0A049CB-8EB7-46B1-B52C-402D36CE6905} = {E9685256-7B28-45C5-AB0E-72C2EC658FA0}
	EndGlobalSection
	GlobalSection(ExtensibilityGlobals) = postSolution
		SolutionGuid = {FBA5D2E9-68F7-4988-A4B4-37630F0445B9}
	EndGlobalSection
EndGlobal
