
Microsoft Visual Studio Solution File, Format Version 12.00
# Visual Studio Version 16
VisualStudioVersion = 16.0.30128.74
MinimumVisualStudioVersion = 10.0.40219.1
Project("{FAE04EC0-301F-11D3-BF4B-00C04F79EFBC}") = "Default_Empty_AppCenter.UWP", "Default_Empty_AppCenter.UWP\Default_Empty_AppCenter.UWP.csproj", "{7522CFF6-A691-46AD-9CF8-520EA2647961}"
EndProject
Project("{FAE04EC0-301F-11D3-BF4B-00C04F79EFBC}") = "Default_Empty_AppCenter.Android", "Default_Empty_AppCenter.Android\Default_Empty_AppCenter.Android.csproj", "{31CBBA1A-BD1A-4CEE-894B-630B332FEA9F}"
EndProject
Project("{FAE04EC0-301F-11D3-BF4B-00C04F79EFBC}") = "Default_Empty_AppCenter.iOS", "Default_Empty_AppCenter.iOS\Default_Empty_AppCenter.iOS.csproj", "{8311F3EA-E568-408A-A7F0-F22D9C14CF53}"
EndProject
Project("{9A19103F-16F7-4668-BE54-9A1E7A4F7556}") = "Default_Empty_AppCenter", "Default_Empty_AppCenter\Default_Empty_AppCenter.csproj", "{981BC9EB-13B2-44B7-85D1-4CC3956B6691}"
EndProject
Project("{FAE04EC0-301F-11D3-BF4B-00C04F79EFBC}") = "Default_Empty_AppCenter.UITests", "Default_Empty_AppCenter.UITests\Default_Empty_AppCenter.UITests.csproj", "{2D38625F-9553-4378-A064-50F417B035E8}"
EndProject
Global
	GlobalSection(SolutionConfigurationPlatforms) = preSolution
		Debug|Any CPU = Debug|Any CPU
		Debug|ARM = Debug|ARM
		Debug|iPhone = Debug|iPhone
		Debug|iPhoneSimulator = Debug|iPhoneSimulator
		Debug|x64 = Debug|x64
		Debug|x86 = Debug|x86
		Release|Any CPU = Release|Any CPU
		Release|ARM = Release|ARM
		Release|iPhone = Release|iPhone
		Release|iPhoneSimulator = Release|iPhoneSimulator
		Release|x64 = Release|x64
		Release|x86 = Release|x86
	EndGlobalSection
	GlobalSection(ProjectConfigurationPlatforms) = postSolution
		{7522CFF6-A691-46AD-9CF8-520EA2647961}.Debug|Any CPU.ActiveCfg = Debug|x86
		{7522CFF6-A691-46AD-9CF8-520EA2647961}.Debug|Any CPU.Build.0 = Debug|x86
		{7522CFF6-A691-46AD-9CF8-520EA2647961}.Debug|Any CPU.Deploy.0 = Debug|x86
		{7522CFF6-A691-46AD-9CF8-520EA2647961}.Debug|ARM.ActiveCfg = Debug|ARM
		{7522CFF6-A691-46AD-9CF8-520EA2647961}.Debug|ARM.Build.0 = Debug|ARM
		{7522CFF6-A691-46AD-9CF8-520EA2647961}.Debug|ARM.Deploy.0 = Debug|ARM
		{7522CFF6-A691-46AD-9CF8-520EA2647961}.Debug|iPhone.ActiveCfg = Debug|x86
		{7522CFF6-A691-46AD-9CF8-520EA2647961}.Debug|iPhone.Build.0 = Debug|x86
		{7522CFF6-A691-46AD-9CF8-520EA2647961}.Debug|iPhone.Deploy.0 = Debug|x86
		{7522CFF6-A691-46AD-9CF8-520EA2647961}.Debug|iPhoneSimulator.ActiveCfg = Debug|x86
		{7522CFF6-A691-46AD-9CF8-520EA2647961}.Debug|iPhoneSimulator.Build.0 = Debug|x86
		{7522CFF6-A691-46AD-9CF8-520EA2647961}.Debug|iPhoneSimulator.Deploy.0 = Debug|x86
		{7522CFF6-A691-46AD-9CF8-520EA2647961}.Debug|x64.ActiveCfg = Debug|x64
		{7522CFF6-A691-46AD-9CF8-520EA2647961}.Debug|x64.Build.0 = Debug|x64
		{7522CFF6-A691-46AD-9CF8-520EA2647961}.Debug|x64.Deploy.0 = Debug|x64
		{7522CFF6-A691-46AD-9CF8-520EA2647961}.Debug|x86.ActiveCfg = Debug|x86
		{7522CFF6-A691-46AD-9CF8-520EA2647961}.Debug|x86.Build.0 = Debug|x86
		{7522CFF6-A691-46AD-9CF8-520EA2647961}.Debug|x86.Deploy.0 = Debug|x86
		{7522CFF6-A691-46AD-9CF8-520EA2647961}.Release|Any CPU.ActiveCfg = Release|x86
		{7522CFF6-A691-46AD-9CF8-520EA2647961}.Release|Any CPU.Build.0 = Release|x86
		{7522CFF6-A691-46AD-9CF8-520EA2647961}.Release|Any CPU.Deploy.0 = Release|x86
		{7522CFF6-A691-46AD-9CF8-520EA2647961}.Release|ARM.ActiveCfg = Release|ARM
		{7522CFF6-A691-46AD-9CF8-520EA2647961}.Release|ARM.Build.0 = Release|ARM
		{7522CFF6-A691-46AD-9CF8-520EA2647961}.Release|ARM.Deploy.0 = Release|ARM
		{7522CFF6-A691-46AD-9CF8-520EA2647961}.Release|iPhone.ActiveCfg = Release|x86
		{7522CFF6-A691-46AD-9CF8-520EA2647961}.Release|iPhone.Build.0 = Release|x86
		{7522CFF6-A691-46AD-9CF8-520EA2647961}.Release|iPhone.Deploy.0 = Release|x86
		{7522CFF6-A691-46AD-9CF8-520EA2647961}.Release|iPhoneSimulator.ActiveCfg = Release|x86
		{7522CFF6-A691-46AD-9CF8-520EA2647961}.Release|iPhoneSimulator.Build.0 = Release|x86
		{7522CFF6-A691-46AD-9CF8-520EA2647961}.Release|iPhoneSimulator.Deploy.0 = Release|x86
		{7522CFF6-A691-46AD-9CF8-520EA2647961}.Release|x64.ActiveCfg = Release|x64
		{7522CFF6-A691-46AD-9CF8-520EA2647961}.Release|x64.Build.0 = Release|x64
		{7522CFF6-A691-46AD-9CF8-520EA2647961}.Release|x64.Deploy.0 = Release|x64
		{7522CFF6-A691-46AD-9CF8-520EA2647961}.Release|x86.ActiveCfg = Release|x86
		{7522CFF6-A691-46AD-9CF8-520EA2647961}.Release|x86.Build.0 = Release|x86
		{7522CFF6-A691-46AD-9CF8-520EA2647961}.Release|x86.Deploy.0 = Release|x86
		{31CBBA1A-BD1A-4CEE-894B-630B332FEA9F}.Debug|Any CPU.ActiveCfg = Debug|Any CPU
		{31CBBA1A-BD1A-4CEE-894B-630B332FEA9F}.Debug|Any CPU.Build.0 = Debug|Any CPU
		{31CBBA1A-BD1A-4CEE-894B-630B332FEA9F}.Debug|Any CPU.Deploy.0 = Debug|Any CPU
		{31CBBA1A-BD1A-4CEE-894B-630B332FEA9F}.Debug|ARM.ActiveCfg = Debug|Any CPU
		{31CBBA1A-BD1A-4CEE-894B-630B332FEA9F}.Debug|ARM.Build.0 = Debug|Any CPU
		{31CBBA1A-BD1A-4CEE-894B-630B332FEA9F}.Debug|ARM.Deploy.0 = Debug|Any CPU
		{31CBBA1A-BD1A-4CEE-894B-630B332FEA9F}.Debug|iPhone.ActiveCfg = Debug|Any CPU
		{31CBBA1A-BD1A-4CEE-894B-630B332FEA9F}.Debug|iPhone.Build.0 = Debug|Any CPU
		{31CBBA1A-BD1A-4CEE-894B-630B332FEA9F}.Debug|iPhone.Deploy.0 = Debug|Any CPU
		{31CBBA1A-BD1A-4CEE-894B-630B332FEA9F}.Debug|iPhoneSimulator.ActiveCfg = Debug|Any CPU
		{31CBBA1A-BD1A-4CEE-894B-630B332FEA9F}.Debug|iPhoneSimulator.Build.0 = Debug|Any CPU
		{31CBBA1A-BD1A-4CEE-894B-630B332FEA9F}.Debug|iPhoneSimulator.Deploy.0 = Debug|Any CPU
		{31CBBA1A-BD1A-4CEE-894B-630B332FEA9F}.Debug|x64.ActiveCfg = Debug|Any CPU
		{31CBBA1A-BD1A-4CEE-894B-630B332FEA9F}.Debug|x64.Build.0 = Debug|Any CPU
		{31CBBA1A-BD1A-4CEE-894B-630B332FEA9F}.Debug|x64.Deploy.0 = Debug|Any CPU
		{31CBBA1A-BD1A-4CEE-894B-630B332FEA9F}.Debug|x86.ActiveCfg = Debug|Any CPU
		{31CBBA1A-BD1A-4CEE-894B-630B332FEA9F}.Debug|x86.Build.0 = Debug|Any CPU
		{31CBBA1A-BD1A-4CEE-894B-630B332FEA9F}.Debug|x86.Deploy.0 = Debug|Any CPU
		{31CBBA1A-BD1A-4CEE-894B-630B332FEA9F}.Release|Any CPU.ActiveCfg = Release|Any CPU
		{31CBBA1A-BD1A-4CEE-894B-630B332FEA9F}.Release|Any CPU.Build.0 = Release|Any CPU
		{31CBBA1A-BD1A-4CEE-894B-630B332FEA9F}.Release|Any CPU.Deploy.0 = Release|Any CPU
		{31CBBA1A-BD1A-4CEE-894B-630B332FEA9F}.Release|ARM.ActiveCfg = Release|Any CPU
		{31CBBA1A-BD1A-4CEE-894B-630B332FEA9F}.Release|ARM.Build.0 = Release|Any CPU
		{31CBBA1A-BD1A-4CEE-894B-630B332FEA9F}.Release|ARM.Deploy.0 = Release|Any CPU
		{31CBBA1A-BD1A-4CEE-894B-630B332FEA9F}.Release|iPhone.ActiveCfg = Release|Any CPU
		{31CBBA1A-BD1A-4CEE-894B-630B332FEA9F}.Release|iPhone.Build.0 = Release|Any CPU
		{31CBBA1A-BD1A-4CEE-894B-630B332FEA9F}.Release|iPhone.Deploy.0 = Release|Any CPU
		{31CBBA1A-BD1A-4CEE-894B-630B332FEA9F}.Release|iPhoneSimulator.ActiveCfg = Release|Any CPU
		{31CBBA1A-BD1A-4CEE-894B-630B332FEA9F}.Release|iPhoneSimulator.Build.0 = Release|Any CPU
		{31CBBA1A-BD1A-4CEE-894B-630B332FEA9F}.Release|iPhoneSimulator.Deploy.0 = Release|Any CPU
		{31CBBA1A-BD1A-4CEE-894B-630B332FEA9F}.Release|x64.ActiveCfg = Release|Any CPU
		{31CBBA1A-BD1A-4CEE-894B-630B332FEA9F}.Release|x64.Build.0 = Release|Any CPU
		{31CBBA1A-BD1A-4CEE-894B-630B332FEA9F}.Release|x64.Deploy.0 = Release|Any CPU
		{31CBBA1A-BD1A-4CEE-894B-630B332FEA9F}.Release|x86.ActiveCfg = Release|Any CPU
		{31CBBA1A-BD1A-4CEE-894B-630B332FEA9F}.Release|x86.Build.0 = Release|Any CPU
		{31CBBA1A-BD1A-4CEE-894B-630B332FEA9F}.Release|x86.Deploy.0 = Release|Any CPU
		{8311F3EA-E568-408A-A7F0-F22D9C14CF53}.Debug|Any CPU.ActiveCfg = Debug|iPhone
		{8311F3EA-E568-408A-A7F0-F22D9C14CF53}.Debug|Any CPU.Build.0 = Debug|iPhone
		{8311F3EA-E568-408A-A7F0-F22D9C14CF53}.Debug|Any CPU.Deploy.0 = Debug|iPhone
		{8311F3EA-E568-408A-A7F0-F22D9C14CF53}.Debug|ARM.ActiveCfg = Debug|iPhone
		{8311F3EA-E568-408A-A7F0-F22D9C14CF53}.Debug|ARM.Build.0 = Debug|iPhone
		{8311F3EA-E568-408A-A7F0-F22D9C14CF53}.Debug|ARM.Deploy.0 = Debug|iPhone
		{8311F3EA-E568-408A-A7F0-F22D9C14CF53}.Debug|iPhone.ActiveCfg = Debug|iPhone
		{8311F3EA-E568-408A-A7F0-F22D9C14CF53}.Debug|iPhone.Build.0 = Debug|iPhone
		{8311F3EA-E568-408A-A7F0-F22D9C14CF53}.Debug|iPhone.Deploy.0 = Debug|iPhone
		{8311F3EA-E568-408A-A7F0-F22D9C14CF53}.Debug|iPhoneSimulator.ActiveCfg = Debug|iPhoneSimulator
		{8311F3EA-E568-408A-A7F0-F22D9C14CF53}.Debug|iPhoneSimulator.Build.0 = Debug|iPhoneSimulator
		{8311F3EA-E568-408A-A7F0-F22D9C14CF53}.Debug|iPhoneSimulator.Deploy.0 = Debug|iPhoneSimulator
		{8311F3EA-E568-408A-A7F0-F22D9C14CF53}.Debug|x64.ActiveCfg = Debug|iPhone
		{8311F3EA-E568-408A-A7F0-F22D9C14CF53}.Debug|x64.Build.0 = Debug|iPhone
		{8311F3EA-E568-408A-A7F0-F22D9C14CF53}.Debug|x64.Deploy.0 = Debug|iPhone
		{8311F3EA-E568-408A-A7F0-F22D9C14CF53}.Debug|x86.ActiveCfg = Debug|iPhone
		{8311F3EA-E568-408A-A7F0-F22D9C14CF53}.Debug|x86.Build.0 = Debug|iPhone
		{8311F3EA-E568-408A-A7F0-F22D9C14CF53}.Debug|x86.Deploy.0 = Debug|iPhone
		{8311F3EA-E568-408A-A7F0-F22D9C14CF53}.Release|Any CPU.ActiveCfg = Release|iPhone
		{8311F3EA-E568-408A-A7F0-F22D9C14CF53}.Release|Any CPU.Build.0 = Release|iPhone
		{8311F3EA-E568-408A-A7F0-F22D9C14CF53}.Release|Any CPU.Deploy.0 = Release|iPhone
		{8311F3EA-E568-408A-A7F0-F22D9C14CF53}.Release|ARM.ActiveCfg = Release|iPhone
		{8311F3EA-E568-408A-A7F0-F22D9C14CF53}.Release|ARM.Build.0 = Release|iPhone
		{8311F3EA-E568-408A-A7F0-F22D9C14CF53}.Release|ARM.Deploy.0 = Release|iPhone
		{8311F3EA-E568-408A-A7F0-F22D9C14CF53}.Release|iPhone.ActiveCfg = Release|iPhone
		{8311F3EA-E568-408A-A7F0-F22D9C14CF53}.Release|iPhone.Build.0 = Release|iPhone
		{8311F3EA-E568-408A-A7F0-F22D9C14CF53}.Release|iPhone.Deploy.0 = Release|iPhone
		{8311F3EA-E568-408A-A7F0-F22D9C14CF53}.Release|iPhoneSimulator.ActiveCfg = Release|iPhoneSimulator
		{8311F3EA-E568-408A-A7F0-F22D9C14CF53}.Release|iPhoneSimulator.Build.0 = Release|iPhoneSimulator
		{8311F3EA-E568-408A-A7F0-F22D9C14CF53}.Release|iPhoneSimulator.Deploy.0 = Release|iPhoneSimulator
		{8311F3EA-E568-408A-A7F0-F22D9C14CF53}.Release|x64.ActiveCfg = Release|iPhone
		{8311F3EA-E568-408A-A7F0-F22D9C14CF53}.Release|x64.Build.0 = Release|iPhone
		{8311F3EA-E568-408A-A7F0-F22D9C14CF53}.Release|x64.Deploy.0 = Release|iPhone
		{8311F3EA-E568-408A-A7F0-F22D9C14CF53}.Release|x86.ActiveCfg = Release|iPhone
		{8311F3EA-E568-408A-A7F0-F22D9C14CF53}.Release|x86.Build.0 = Release|iPhone
		{8311F3EA-E568-408A-A7F0-F22D9C14CF53}.Release|x86.Deploy.0 = Release|iPhone
		{981BC9EB-13B2-44B7-85D1-4CC3956B6691}.Debug|Any CPU.ActiveCfg = Debug|Any CPU
		{981BC9EB-13B2-44B7-85D1-4CC3956B6691}.Debug|Any CPU.Build.0 = Debug|Any CPU
		{981BC9EB-13B2-44B7-85D1-4CC3956B6691}.Debug|Any CPU.Deploy.0 = Debug|Any CPU
		{981BC9EB-13B2-44B7-85D1-4CC3956B6691}.Debug|ARM.ActiveCfg = Debug|Any CPU
		{981BC9EB-13B2-44B7-85D1-4CC3956B6691}.Debug|ARM.Build.0 = Debug|Any CPU
		{981BC9EB-13B2-44B7-85D1-4CC3956B6691}.Debug|ARM.Deploy.0 = Debug|Any CPU
		{981BC9EB-13B2-44B7-85D1-4CC3956B6691}.Debug|iPhone.ActiveCfg = Debug|Any CPU
		{981BC9EB-13B2-44B7-85D1-4CC3956B6691}.Debug|iPhone.Build.0 = Debug|Any CPU
		{981BC9EB-13B2-44B7-85D1-4CC3956B6691}.Debug|iPhone.Deploy.0 = Debug|Any CPU
		{981BC9EB-13B2-44B7-85D1-4CC3956B6691}.Debug|iPhoneSimulator.ActiveCfg = Debug|Any CPU
		{981BC9EB-13B2-44B7-85D1-4CC3956B6691}.Debug|iPhoneSimulator.Build.0 = Debug|Any CPU
		{981BC9EB-13B2-44B7-85D1-4CC3956B6691}.Debug|iPhoneSimulator.Deploy.0 = Debug|Any CPU
		{981BC9EB-13B2-44B7-85D1-4CC3956B6691}.Debug|x64.ActiveCfg = Debug|Any CPU
		{981BC9EB-13B2-44B7-85D1-4CC3956B6691}.Debug|x64.Build.0 = Debug|Any CPU
		{981BC9EB-13B2-44B7-85D1-4CC3956B6691}.Debug|x64.Deploy.0 = Debug|Any CPU
		{981BC9EB-13B2-44B7-85D1-4CC3956B6691}.Debug|x86.ActiveCfg = Debug|Any CPU
		{981BC9EB-13B2-44B7-85D1-4CC3956B6691}.Debug|x86.Build.0 = Debug|Any CPU
		{981BC9EB-13B2-44B7-85D1-4CC3956B6691}.Debug|x86.Deploy.0 = Debug|Any CPU
		{981BC9EB-13B2-44B7-85D1-4CC3956B6691}.Release|Any CPU.ActiveCfg = Release|Any CPU
		{981BC9EB-13B2-44B7-85D1-4CC3956B6691}.Release|Any CPU.Build.0 = Release|Any CPU
		{981BC9EB-13B2-44B7-85D1-4CC3956B6691}.Release|Any CPU.Deploy.0 = Release|Any CPU
		{981BC9EB-13B2-44B7-85D1-4CC3956B6691}.Release|ARM.ActiveCfg = Release|Any CPU
		{981BC9EB-13B2-44B7-85D1-4CC3956B6691}.Release|ARM.Build.0 = Release|Any CPU
		{981BC9EB-13B2-44B7-85D1-4CC3956B6691}.Release|ARM.Deploy.0 = Release|Any CPU
		{981BC9EB-13B2-44B7-85D1-4CC3956B6691}.Release|iPhone.ActiveCfg = Release|Any CPU
		{981BC9EB-13B2-44B7-85D1-4CC3956B6691}.Release|iPhone.Build.0 = Release|Any CPU
		{981BC9EB-13B2-44B7-85D1-4CC3956B6691}.Release|iPhone.Deploy.0 = Release|Any CPU
		{981BC9EB-13B2-44B7-85D1-4CC3956B6691}.Release|iPhoneSimulator.ActiveCfg = Release|Any CPU
		{981BC9EB-13B2-44B7-85D1-4CC3956B6691}.Release|iPhoneSimulator.Build.0 = Release|Any CPU
		{981BC9EB-13B2-44B7-85D1-4CC3956B6691}.Release|iPhoneSimulator.Deploy.0 = Release|Any CPU
		{981BC9EB-13B2-44B7-85D1-4CC3956B6691}.Release|x64.ActiveCfg = Release|Any CPU
		{981BC9EB-13B2-44B7-85D1-4CC3956B6691}.Release|x64.Build.0 = Release|Any CPU
		{981BC9EB-13B2-44B7-85D1-4CC3956B6691}.Release|x64.Deploy.0 = Release|Any CPU
		{981BC9EB-13B2-44B7-85D1-4CC3956B6691}.Release|x86.ActiveCfg = Release|Any CPU
		{981BC9EB-13B2-44B7-85D1-4CC3956B6691}.Release|x86.Build.0 = Release|Any CPU
		{981BC9EB-13B2-44B7-85D1-4CC3956B6691}.Release|x86.Deploy.0 = Release|Any CPU
		{2D38625F-9553-4378-A064-50F417B035E8}.Debug|Any CPU.ActiveCfg = Debug|Any CPU
		{2D38625F-9553-4378-A064-50F417B035E8}.Debug|Any CPU.Build.0 = Debug|Any CPU
		{2D38625F-9553-4378-A064-50F417B035E8}.Debug|ARM.ActiveCfg = Debug|Any CPU
		{2D38625F-9553-4378-A064-50F417B035E8}.Debug|ARM.Build.0 = Debug|Any CPU
		{2D38625F-9553-4378-A064-50F417B035E8}.Debug|iPhone.ActiveCfg = Debug|Any CPU
		{2D38625F-9553-4378-A064-50F417B035E8}.Debug|iPhone.Build.0 = Debug|Any CPU
		{2D38625F-9553-4378-A064-50F417B035E8}.Debug|iPhoneSimulator.ActiveCfg = Debug|Any CPU
		{2D38625F-9553-4378-A064-50F417B035E8}.Debug|iPhoneSimulator.Build.0 = Debug|Any CPU
		{2D38625F-9553-4378-A064-50F417B035E8}.Debug|x64.ActiveCfg = Debug|Any CPU
		{2D38625F-9553-4378-A064-50F417B035E8}.Debug|x64.Build.0 = Debug|Any CPU
		{2D38625F-9553-4378-A064-50F417B035E8}.Debug|x86.ActiveCfg = Debug|Any CPU
		{2D38625F-9553-4378-A064-50F417B035E8}.Debug|x86.Build.0 = Debug|Any CPU
		{2D38625F-9553-4378-A064-50F417B035E8}.Release|Any CPU.ActiveCfg = Release|Any CPU
		{2D38625F-9553-4378-A064-50F417B035E8}.Release|Any CPU.Build.0 = Release|Any CPU
		{2D38625F-9553-4378-A064-50F417B035E8}.Release|ARM.ActiveCfg = Release|Any CPU
		{2D38625F-9553-4378-A064-50F417B035E8}.Release|ARM.Build.0 = Release|Any CPU
		{2D38625F-9553-4378-A064-50F417B035E8}.Release|iPhone.ActiveCfg = Release|Any CPU
		{2D38625F-9553-4378-A064-50F417B035E8}.Release|iPhone.Build.0 = Release|Any CPU
		{2D38625F-9553-4378-A064-50F417B035E8}.Release|iPhoneSimulator.ActiveCfg = Release|Any CPU
		{2D38625F-9553-4378-A064-50F417B035E8}.Release|iPhoneSimulator.Build.0 = Release|Any CPU
		{2D38625F-9553-4378-A064-50F417B035E8}.Release|x64.ActiveCfg = Release|Any CPU
		{2D38625F-9553-4378-A064-50F417B035E8}.Release|x64.Build.0 = Release|Any CPU
		{2D38625F-9553-4378-A064-50F417B035E8}.Release|x86.ActiveCfg = Release|Any CPU
		{2D38625F-9553-4378-A064-50F417B035E8}.Release|x86.Build.0 = Release|Any CPU
	EndGlobalSection
	GlobalSection(SolutionProperties) = preSolution
		HideSolutionNode = FALSE
	EndGlobalSection
	GlobalSection(ExtensibilityGlobals) = postSolution
		SolutionGuid = {4240EE37-670F-47E9-BD35-A3E8DE9297A7}
	EndGlobalSection
EndGlobal
