
Microsoft Visual Studio Solution File, Format Version 12.00
# Visual Studio Version 16
VisualStudioVersion = 16.0.30320.27
MinimumVisualStudioVersion = 10.0.40219.1
Project("{FAE04EC0-301F-11D3-BF4B-00C04F79EFBC}") = "Xamarin_Forms.OAuthSamples.UWP", "Xamarin_Forms.OAuthSamples.UWP\Xamarin_Forms.OAuthSamples.UWP.csproj", "{9CB1CEF9-D29C-43AF-9FDF-488A6E892F38}"
EndProject
Project("{FAE04EC0-301F-11D3-BF4B-00C04F79EFBC}") = "Xamarin_Forms.OAuthSamples.Android", "Xamarin_Forms.OAuthSamples.Android\Xamarin_Forms.OAuthSamples.Android.csproj", "{BD19F217-A6EF-42B9-AF4D-5811BEA1DFFB}"
EndProject
Project("{FAE04EC0-301F-11D3-BF4B-00C04F79EFBC}") = "Xamarin_Forms.OAuthSamples.iOS", "Xamarin_Forms.OAuthSamples.iOS\Xamarin_Forms.OAuthSamples.iOS.csproj", "{51948DF1-2E89-4591-A278-80B2775A7351}"
EndProject
Project("{FAE04EC0-301F-11D3-BF4B-00C04F79EFBC}") = "Xamarin_Forms.OAuthSamples", "Xamarin_Forms.OAuthSamples\Xamarin_Forms.OAuthSamples.csproj", "{84FB4728-6A6E-4FBC-B0B7-0DCE7FCB9ED5}"
EndProject
Global
	GlobalSection(SolutionConfigurationPlatforms) = preSolution
		Debug|Any CPU = Debug|Any CPU
		Debug|ARM = Debug|ARM
		Debug|iPhone = Debug|iPhone
		Debug|iPhoneSimulator = Debug|iPhoneSimulator
		Debug|x64 = Debug|x64
		Debug|x86 = Debug|x86
		Release|Any CPU = Release|Any CPU
		Release|ARM = Release|ARM
		Release|iPhone = Release|iPhone
		Release|iPhoneSimulator = Release|iPhoneSimulator
		Release|x64 = Release|x64
		Release|x86 = Release|x86
	EndGlobalSection
	GlobalSection(ProjectConfigurationPlatforms) = postSolution
		{9CB1CEF9-D29C-43AF-9FDF-488A6E892F38}.Debug|Any CPU.ActiveCfg = Debug|x86
		{9CB1CEF9-D29C-43AF-9FDF-488A6E892F38}.Debug|Any CPU.Build.0 = Debug|x86
		{9CB1CEF9-D29C-43AF-9FDF-488A6E892F38}.Debug|Any CPU.Deploy.0 = Debug|x86
		{9CB1CEF9-D29C-43AF-9FDF-488A6E892F38}.Debug|ARM.ActiveCfg = Debug|ARM
		{9CB1CEF9-D29C-43AF-9FDF-488A6E892F38}.Debug|ARM.Build.0 = Debug|ARM
		{9CB1CEF9-D29C-43AF-9FDF-488A6E892F38}.Debug|ARM.Deploy.0 = Debug|ARM
		{9CB1CEF9-D29C-43AF-9FDF-488A6E892F38}.Debug|iPhone.ActiveCfg = Debug|x86
		{9CB1CEF9-D29C-43AF-9FDF-488A6E892F38}.Debug|iPhone.Build.0 = Debug|x86
		{9CB1CEF9-D29C-43AF-9FDF-488A6E892F38}.Debug|iPhone.Deploy.0 = Debug|x86
		{9CB1CEF9-D29C-43AF-9FDF-488A6E892F38}.Debug|iPhoneSimulator.ActiveCfg = Debug|x86
		{9CB1CEF9-D29C-43AF-9FDF-488A6E892F38}.Debug|iPhoneSimulator.Build.0 = Debug|x86
		{9CB1CEF9-D29C-43AF-9FDF-488A6E892F38}.Debug|iPhoneSimulator.Deploy.0 = Debug|x86
		{9CB1CEF9-D29C-43AF-9FDF-488A6E892F38}.Debug|x64.ActiveCfg = Debug|x64
		{9CB1CEF9-D29C-43AF-9FDF-488A6E892F38}.Debug|x64.Build.0 = Debug|x64
		{9CB1CEF9-D29C-43AF-9FDF-488A6E892F38}.Debug|x64.Deploy.0 = Debug|x64
		{9CB1CEF9-D29C-43AF-9FDF-488A6E892F38}.Debug|x86.ActiveCfg = Debug|x86
		{9CB1CEF9-D29C-43AF-9FDF-488A6E892F38}.Debug|x86.Build.0 = Debug|x86
		{9CB1CEF9-D29C-43AF-9FDF-488A6E892F38}.Debug|x86.Deploy.0 = Debug|x86
		{9CB1CEF9-D29C-43AF-9FDF-488A6E892F38}.Release|Any CPU.ActiveCfg = Release|x86
		{9CB1CEF9-D29C-43AF-9FDF-488A6E892F38}.Release|Any CPU.Build.0 = Release|x86
		{9CB1CEF9-D29C-43AF-9FDF-488A6E892F38}.Release|Any CPU.Deploy.0 = Release|x86
		{9CB1CEF9-D29C-43AF-9FDF-488A6E892F38}.Release|ARM.ActiveCfg = Release|ARM
		{9CB1CEF9-D29C-43AF-9FDF-488A6E892F38}.Release|ARM.Build.0 = Release|ARM
		{9CB1CEF9-D29C-43AF-9FDF-488A6E892F38}.Release|ARM.Deploy.0 = Release|ARM
		{9CB1CEF9-D29C-43AF-9FDF-488A6E892F38}.Release|iPhone.ActiveCfg = Release|x86
		{9CB1CEF9-D29C-43AF-9FDF-488A6E892F38}.Release|iPhone.Build.0 = Release|x86
		{9CB1CEF9-D29C-43AF-9FDF-488A6E892F38}.Release|iPhone.Deploy.0 = Release|x86
		{9CB1CEF9-D29C-43AF-9FDF-488A6E892F38}.Release|iPhoneSimulator.ActiveCfg = Release|x86
		{9CB1CEF9-D29C-43AF-9FDF-488A6E892F38}.Release|iPhoneSimulator.Build.0 = Release|x86
		{9CB1CEF9-D29C-43AF-9FDF-488A6E892F38}.Release|iPhoneSimulator.Deploy.0 = Release|x86
		{9CB1CEF9-D29C-43AF-9FDF-488A6E892F38}.Release|x64.ActiveCfg = Release|x64
		{9CB1CEF9-D29C-43AF-9FDF-488A6E892F38}.Release|x64.Build.0 = Release|x64
		{9CB1CEF9-D29C-43AF-9FDF-488A6E892F38}.Release|x64.Deploy.0 = Release|x64
		{9CB1CEF9-D29C-43AF-9FDF-488A6E892F38}.Release|x86.ActiveCfg = Release|x86
		{9CB1CEF9-D29C-43AF-9FDF-488A6E892F38}.Release|x86.Build.0 = Release|x86
		{9CB1CEF9-D29C-43AF-9FDF-488A6E892F38}.Release|x86.Deploy.0 = Release|x86
		{BD19F217-A6EF-42B9-AF4D-5811BEA1DFFB}.Debug|Any CPU.ActiveCfg = Debug|Any CPU
		{BD19F217-A6EF-42B9-AF4D-5811BEA1DFFB}.Debug|Any CPU.Build.0 = Debug|Any CPU
		{BD19F217-A6EF-42B9-AF4D-5811BEA1DFFB}.Debug|Any CPU.Deploy.0 = Debug|Any CPU
		{BD19F217-A6EF-42B9-AF4D-5811BEA1DFFB}.Debug|ARM.ActiveCfg = Debug|Any CPU
		{BD19F217-A6EF-42B9-AF4D-5811BEA1DFFB}.Debug|ARM.Build.0 = Debug|Any CPU
		{BD19F217-A6EF-42B9-AF4D-5811BEA1DFFB}.Debug|ARM.Deploy.0 = Debug|Any CPU
		{BD19F217-A6EF-42B9-AF4D-5811BEA1DFFB}.Debug|iPhone.ActiveCfg = Debug|Any CPU
		{BD19F217-A6EF-42B9-AF4D-5811BEA1DFFB}.Debug|iPhone.Build.0 = Debug|Any CPU
		{BD19F217-A6EF-42B9-AF4D-5811BEA1DFFB}.Debug|iPhone.Deploy.0 = Debug|Any CPU
		{BD19F217-A6EF-42B9-AF4D-5811BEA1DFFB}.Debug|iPhoneSimulator.ActiveCfg = Debug|Any CPU
		{BD19F217-A6EF-42B9-AF4D-5811BEA1DFFB}.Debug|iPhoneSimulator.Build.0 = Debug|Any CPU
		{BD19F217-A6EF-42B9-AF4D-5811BEA1DFFB}.Debug|iPhoneSimulator.Deploy.0 = Debug|Any CPU
		{BD19F217-A6EF-42B9-AF4D-5811BEA1DFFB}.Debug|x64.ActiveCfg = Debug|Any CPU
		{BD19F217-A6EF-42B9-AF4D-5811BEA1DFFB}.Debug|x64.Build.0 = Debug|Any CPU
		{BD19F217-A6EF-42B9-AF4D-5811BEA1DFFB}.Debug|x64.Deploy.0 = Debug|Any CPU
		{BD19F217-A6EF-42B9-AF4D-5811BEA1DFFB}.Debug|x86.ActiveCfg = Debug|Any CPU
		{BD19F217-A6EF-42B9-AF4D-5811BEA1DFFB}.Debug|x86.Build.0 = Debug|Any CPU
		{BD19F217-A6EF-42B9-AF4D-5811BEA1DFFB}.Debug|x86.Deploy.0 = Debug|Any CPU
		{BD19F217-A6EF-42B9-AF4D-5811BEA1DFFB}.Release|Any CPU.ActiveCfg = Release|Any CPU
		{BD19F217-A6EF-42B9-AF4D-5811BEA1DFFB}.Release|Any CPU.Build.0 = Release|Any CPU
		{BD19F217-A6EF-42B9-AF4D-5811BEA1DFFB}.Release|Any CPU.Deploy.0 = Release|Any CPU
		{BD19F217-A6EF-42B9-AF4D-5811BEA1DFFB}.Release|ARM.ActiveCfg = Release|Any CPU
		{BD19F217-A6EF-42B9-AF4D-5811BEA1DFFB}.Release|ARM.Build.0 = Release|Any CPU
		{BD19F217-A6EF-42B9-AF4D-5811BEA1DFFB}.Release|ARM.Deploy.0 = Release|Any CPU
		{BD19F217-A6EF-42B9-AF4D-5811BEA1DFFB}.Release|iPhone.ActiveCfg = Release|Any CPU
		{BD19F217-A6EF-42B9-AF4D-5811BEA1DFFB}.Release|iPhone.Build.0 = Release|Any CPU
		{BD19F217-A6EF-42B9-AF4D-5811BEA1DFFB}.Release|iPhone.Deploy.0 = Release|Any CPU
		{BD19F217-A6EF-42B9-AF4D-5811BEA1DFFB}.Release|iPhoneSimulator.ActiveCfg = Release|Any CPU
		{BD19F217-A6EF-42B9-AF4D-5811BEA1DFFB}.Release|iPhoneSimulator.Build.0 = Release|Any CPU
		{BD19F217-A6EF-42B9-AF4D-5811BEA1DFFB}.Release|iPhoneSimulator.Deploy.0 = Release|Any CPU
		{BD19F217-A6EF-42B9-AF4D-5811BEA1DFFB}.Release|x64.ActiveCfg = Release|Any CPU
		{BD19F217-A6EF-42B9-AF4D-5811BEA1DFFB}.Release|x64.Build.0 = Release|Any CPU
		{BD19F217-A6EF-42B9-AF4D-5811BEA1DFFB}.Release|x64.Deploy.0 = Release|Any CPU
		{BD19F217-A6EF-42B9-AF4D-5811BEA1DFFB}.Release|x86.ActiveCfg = Release|Any CPU
		{BD19F217-A6EF-42B9-AF4D-5811BEA1DFFB}.Release|x86.Build.0 = Release|Any CPU
		{BD19F217-A6EF-42B9-AF4D-5811BEA1DFFB}.Release|x86.Deploy.0 = Release|Any CPU
		{51948DF1-2E89-4591-A278-80B2775A7351}.Debug|Any CPU.ActiveCfg = Debug|iPhone
		{51948DF1-2E89-4591-A278-80B2775A7351}.Debug|Any CPU.Build.0 = Debug|iPhone
		{51948DF1-2E89-4591-A278-80B2775A7351}.Debug|Any CPU.Deploy.0 = Debug|iPhone
		{51948DF1-2E89-4591-A278-80B2775A7351}.Debug|ARM.ActiveCfg = Debug|iPhone
		{51948DF1-2E89-4591-A278-80B2775A7351}.Debug|ARM.Build.0 = Debug|iPhone
		{51948DF1-2E89-4591-A278-80B2775A7351}.Debug|ARM.Deploy.0 = Debug|iPhone
		{51948DF1-2E89-4591-A278-80B2775A7351}.Debug|iPhone.ActiveCfg = Debug|iPhone
		{51948DF1-2E89-4591-A278-80B2775A7351}.Debug|iPhone.Build.0 = Debug|iPhone
		{51948DF1-2E89-4591-A278-80B2775A7351}.Debug|iPhone.Deploy.0 = Debug|iPhone
		{51948DF1-2E89-4591-A278-80B2775A7351}.Debug|iPhoneSimulator.ActiveCfg = Debug|iPhoneSimulator
		{51948DF1-2E89-4591-A278-80B2775A7351}.Debug|iPhoneSimulator.Build.0 = Debug|iPhoneSimulator
		{51948DF1-2E89-4591-A278-80B2775A7351}.Debug|iPhoneSimulator.Deploy.0 = Debug|iPhoneSimulator
		{51948DF1-2E89-4591-A278-80B2775A7351}.Debug|x64.ActiveCfg = Debug|iPhone
		{51948DF1-2E89-4591-A278-80B2775A7351}.Debug|x64.Build.0 = Debug|iPhone
		{51948DF1-2E89-4591-A278-80B2775A7351}.Debug|x64.Deploy.0 = Debug|iPhone
		{51948DF1-2E89-4591-A278-80B2775A7351}.Debug|x86.ActiveCfg = Debug|iPhone
		{51948DF1-2E89-4591-A278-80B2775A7351}.Debug|x86.Build.0 = Debug|iPhone
		{51948DF1-2E89-4591-A278-80B2775A7351}.Debug|x86.Deploy.0 = Debug|iPhone
		{51948DF1-2E89-4591-A278-80B2775A7351}.Release|Any CPU.ActiveCfg = Release|iPhone
		{51948DF1-2E89-4591-A278-80B2775A7351}.Release|Any CPU.Build.0 = Release|iPhone
		{51948DF1-2E89-4591-A278-80B2775A7351}.Release|Any CPU.Deploy.0 = Release|iPhone
		{51948DF1-2E89-4591-A278-80B2775A7351}.Release|ARM.ActiveCfg = Release|iPhone
		{51948DF1-2E89-4591-A278-80B2775A7351}.Release|ARM.Build.0 = Release|iPhone
		{51948DF1-2E89-4591-A278-80B2775A7351}.Release|ARM.Deploy.0 = Release|iPhone
		{51948DF1-2E89-4591-A278-80B2775A7351}.Release|iPhone.ActiveCfg = Release|iPhone
		{51948DF1-2E89-4591-A278-80B2775A7351}.Release|iPhone.Build.0 = Release|iPhone
		{51948DF1-2E89-4591-A278-80B2775A7351}.Release|iPhone.Deploy.0 = Release|iPhone
		{51948DF1-2E89-4591-A278-80B2775A7351}.Release|iPhoneSimulator.ActiveCfg = Release|iPhoneSimulator
		{51948DF1-2E89-4591-A278-80B2775A7351}.Release|iPhoneSimulator.Build.0 = Release|iPhoneSimulator
		{51948DF1-2E89-4591-A278-80B2775A7351}.Release|iPhoneSimulator.Deploy.0 = Release|iPhoneSimulator
		{51948DF1-2E89-4591-A278-80B2775A7351}.Release|x64.ActiveCfg = Release|iPhone
		{51948DF1-2E89-4591-A278-80B2775A7351}.Release|x64.Build.0 = Release|iPhone
		{51948DF1-2E89-4591-A278-80B2775A7351}.Release|x64.Deploy.0 = Release|iPhone
		{51948DF1-2E89-4591-A278-80B2775A7351}.Release|x86.ActiveCfg = Release|iPhone
		{51948DF1-2E89-4591-A278-80B2775A7351}.Release|x86.Build.0 = Release|iPhone
		{51948DF1-2E89-4591-A278-80B2775A7351}.Release|x86.Deploy.0 = Release|iPhone
		{84FB4728-6A6E-4FBC-B0B7-0DCE7FCB9ED5}.Debug|Any CPU.ActiveCfg = Debug|Any CPU
		{84FB4728-6A6E-4FBC-B0B7-0DCE7FCB9ED5}.Debug|Any CPU.Build.0 = Debug|Any CPU
		{84FB4728-6A6E-4FBC-B0B7-0DCE7FCB9ED5}.Debug|Any CPU.Deploy.0 = Debug|Any CPU
		{84FB4728-6A6E-4FBC-B0B7-0DCE7FCB9ED5}.Debug|ARM.ActiveCfg = Debug|Any CPU
		{84FB4728-6A6E-4FBC-B0B7-0DCE7FCB9ED5}.Debug|ARM.Build.0 = Debug|Any CPU
		{84FB4728-6A6E-4FBC-B0B7-0DCE7FCB9ED5}.Debug|ARM.Deploy.0 = Debug|Any CPU
		{84FB4728-6A6E-4FBC-B0B7-0DCE7FCB9ED5}.Debug|iPhone.ActiveCfg = Debug|Any CPU
		{84FB4728-6A6E-4FBC-B0B7-0DCE7FCB9ED5}.Debug|iPhone.Build.0 = Debug|Any CPU
		{84FB4728-6A6E-4FBC-B0B7-0DCE7FCB9ED5}.Debug|iPhone.Deploy.0 = Debug|Any CPU
		{84FB4728-6A6E-4FBC-B0B7-0DCE7FCB9ED5}.Debug|iPhoneSimulator.ActiveCfg = Debug|Any CPU
		{84FB4728-6A6E-4FBC-B0B7-0DCE7FCB9ED5}.Debug|iPhoneSimulator.Build.0 = Debug|Any CPU
		{84FB4728-6A6E-4FBC-B0B7-0DCE7FCB9ED5}.Debug|iPhoneSimulator.Deploy.0 = Debug|Any CPU
		{84FB4728-6A6E-4FBC-B0B7-0DCE7FCB9ED5}.Debug|x64.ActiveCfg = Debug|Any CPU
		{84FB4728-6A6E-4FBC-B0B7-0DCE7FCB9ED5}.Debug|x64.Build.0 = Debug|Any CPU
		{84FB4728-6A6E-4FBC-B0B7-0DCE7FCB9ED5}.Debug|x64.Deploy.0 = Debug|Any CPU
		{84FB4728-6A6E-4FBC-B0B7-0DCE7FCB9ED5}.Debug|x86.ActiveCfg = Debug|Any CPU
		{84FB4728-6A6E-4FBC-B0B7-0DCE7FCB9ED5}.Debug|x86.Build.0 = Debug|Any CPU
		{84FB4728-6A6E-4FBC-B0B7-0DCE7FCB9ED5}.Debug|x86.Deploy.0 = Debug|Any CPU
		{84FB4728-6A6E-4FBC-B0B7-0DCE7FCB9ED5}.Release|Any CPU.ActiveCfg = Release|Any CPU
		{84FB4728-6A6E-4FBC-B0B7-0DCE7FCB9ED5}.Release|Any CPU.Build.0 = Release|Any CPU
		{84FB4728-6A6E-4FBC-B0B7-0DCE7FCB9ED5}.Release|Any CPU.Deploy.0 = Release|Any CPU
		{84FB4728-6A6E-4FBC-B0B7-0DCE7FCB9ED5}.Release|ARM.ActiveCfg = Release|Any CPU
		{84FB4728-6A6E-4FBC-B0B7-0DCE7FCB9ED5}.Release|ARM.Build.0 = Release|Any CPU
		{84FB4728-6A6E-4FBC-B0B7-0DCE7FCB9ED5}.Release|ARM.Deploy.0 = Release|Any CPU
		{84FB4728-6A6E-4FBC-B0B7-0DCE7FCB9ED5}.Release|iPhone.ActiveCfg = Release|Any CPU
		{84FB4728-6A6E-4FBC-B0B7-0DCE7FCB9ED5}.Release|iPhone.Build.0 = Release|Any CPU
		{84FB4728-6A6E-4FBC-B0B7-0DCE7FCB9ED5}.Release|iPhone.Deploy.0 = Release|Any CPU
		{84FB4728-6A6E-4FBC-B0B7-0DCE7FCB9ED5}.Release|iPhoneSimulator.ActiveCfg = Release|Any CPU
		{84FB4728-6A6E-4FBC-B0B7-0DCE7FCB9ED5}.Release|iPhoneSimulator.Build.0 = Release|Any CPU
		{84FB4728-6A6E-4FBC-B0B7-0DCE7FCB9ED5}.Release|iPhoneSimulator.Deploy.0 = Release|Any CPU
		{84FB4728-6A6E-4FBC-B0B7-0DCE7FCB9ED5}.Release|x64.ActiveCfg = Release|Any CPU
		{84FB4728-6A6E-4FBC-B0B7-0DCE7FCB9ED5}.Release|x64.Build.0 = Release|Any CPU
		{84FB4728-6A6E-4FBC-B0B7-0DCE7FCB9ED5}.Release|x64.Deploy.0 = Release|Any CPU
		{84FB4728-6A6E-4FBC-B0B7-0DCE7FCB9ED5}.Release|x86.ActiveCfg = Release|Any CPU
		{84FB4728-6A6E-4FBC-B0B7-0DCE7FCB9ED5}.Release|x86.Build.0 = Release|Any CPU
		{84FB4728-6A6E-4FBC-B0B7-0DCE7FCB9ED5}.Release|x86.Deploy.0 = Release|Any CPU
	EndGlobalSection
	GlobalSection(SolutionProperties) = preSolution
		HideSolutionNode = FALSE
	EndGlobalSection
	GlobalSection(ExtensibilityGlobals) = postSolution
		SolutionGuid = {D19FBBBE-9006-4EA6-9192-C9EDF91915A6}
	EndGlobalSection
EndGlobal
